<?xml version="1.0" encoding="utf-8"?>
<Project ToolsVersion="4.0" xmlns="http://schemas.microsoft.com/developer/msbuild/2003">
  <ItemGroup>
    <Filter Include="VisualGDB settings">
      <UniqueIdentifier>{d7da9357-3f47-4232-912e-83cc9f804f69}</UniqueIdentifier>
    </Filter>
    <Filter Include="src">
      <UniqueIdentifier>{157bd008-9da6-48d9-8991-053e04affb56}</UniqueIdentifier>
    </Filter>
    <Filter Include="inc">
      <UniqueIdentifier>{232f8cb6-48cf-434b-95de-c6f67e3941e3}</UniqueIdentifier>
    </Filter>
  </ItemGroup>
  <ItemGroup>
    <None Include="main-line-sensor-stm32l151ve-Debug.vgdbsettings">
      <Filter>VisualGDB settings</Filter>
    </None>
    <None Include="main-line-sensor-stm32l151ve-Release.vgdbsettings">
      <Filter>VisualGDB settings</Filter>
    </None>
    <None Include="stm32.xml">
      <Filter>VisualGDB settings</Filter>
    </None>
  </ItemGroup>
  <ItemGroup>
    <ClCompile Include="..\src\main.c">
      <Filter>src</Filter>
    </ClCompile>
    <ClCompile Include="..\src\gpio.c">
      <Filter>src</Filter>
    </ClCompile>
    <ClCompile Include="..\src\system_clocks.c">
      <Filter>src</Filter>
    </ClCompile>
    <ClCompile Include="..\src\adc.c">
      <Filter>src</Filter>
    </ClCompile>
    <ClCompile Include="..\src\dma.c">
      <Filter>src</Filter>
    </ClCompile>
    <ClCompile Include="..\src\usart.c">
      <Filter>src</Filter>
    </ClCompile>
    <ClCompile Include="..\src\global_data.c">
      <Filter>src</Filter>
    </ClCompile>
    <ClCompile Include="..\src\watchdog.c">
      <Filter>src</Filter>
    </ClCompile>
  </ItemGroup>
  <ItemGroup>
    <ClInclude Include="..\src\adc.h">
      <Filter>src</Filter>
    </ClInclude>
    <ClInclude Include="..\src\dma.h">
      <Filter>src</Filter>
    </ClInclude>
    <ClInclude Include="..\src\global_data.h">
      <Filter>src</Filter>
    </ClInclude>
    <ClInclude Include="..\src\gpio.h">
      <Filter>src</Filter>
    </ClInclude>
    <ClInclude Include="..\src\system_clocks.h">
      <Filter>src</Filter>
    </ClInclude>
    <ClInclude Include="..\src\usart.h">
      <Filter>src</Filter>
    </ClInclude>
    <ClInclude Include="..\inc\line_sensor.h">
      <Filter>inc</Filter>
    </ClInclude>
    <ClInclude Include="..\inc\line_sensor_defs.h">
      <Filter>inc</Filter>
    </ClInclude>
    <ClInclude Include="..\src\watchdog.h">
      <Filter>src</Filter>
    </ClInclude>
    <ClInclude Include="..\src\consumer_producer_buffer.h">
      <Filter>src</Filter>
    </ClInclude>
  </ItemGroup>
</Project>