<?xml version="1.0" encoding="utf-8"?>
<Project ToolsVersion="4.0" xmlns="http://schemas.microsoft.com/developer/msbuild/2003">
  <ItemGroup>
    <Filter Include="inc">
      <UniqueIdentifier>{ae264628-433a-4383-90c6-61e3d221a015}</UniqueIdentifier>
    </Filter>
    <Filter Include="src">
      <UniqueIdentifier>{fb12cd0b-4899-47a2-bcc9-270dcdd2c4ad}</UniqueIdentifier>
    </Filter>
  </ItemGroup>
  <ItemGroup>
    <ClInclude Include="..\inc\consumer_producer_buffer.h">
      <Filter>inc</Filter>
    </ClInclude>
    <ClInclude Include="..\inc\math_utils.h">
      <Filter>inc</Filter>
    </ClInclude>
    <ClInclude Include="..\inc\rolling_values.h">
      <Filter>inc</Filter>
    </ClInclude>
    <ClInclude Include="..\inc\mcu_arm.h">
      <Filter>inc</Filter>
    </ClInclude>
  </ItemGroup>
  <ItemGroup>
    <ClCompile Include="..\src\rolling_values.c">
      <Filter>src</Filter>
    </ClCompile>
  </ItemGroup>
</Project>