<?xml version="1.0" encoding="utf-8"?>
<Project ToolsVersion="4.0" xmlns="http://schemas.microsoft.com/developer/msbuild/2003">
  <ItemGroup>
    <Filter Include="VisualGDB settings">
      <UniqueIdentifier>{6d42d8f3-0810-461a-9a20-084df0560f3d}</UniqueIdentifier>
    </Filter>
    <Filter Include="inc">
      <UniqueIdentifier>{230851ed-6e41-49f2-9a80-738b4fe58920}</UniqueIdentifier>
    </Filter>
    <Filter Include="src">
      <UniqueIdentifier>{c69c38fe-f810-4d14-8b01-d9a4d136ddaf}</UniqueIdentifier>
    </Filter>
  </ItemGroup>
  <ItemGroup>
    <None Include="lib-robot-Debug.vgdbsettings">
      <Filter>VisualGDB settings</Filter>
    </None>
    <None Include="lib-robot-Release.vgdbsettings">
      <Filter>VisualGDB settings</Filter>
    </None>
    <None Include="stm32.xml">
      <Filter>VisualGDB settings</Filter>
    </None>
  </ItemGroup>
  <ItemGroup>
    <ClInclude Include="inc\robot.h">
      <Filter>inc</Filter>
    </ClInclude>
    <ClInclude Include="src\global_data.h">
      <Filter>src</Filter>
    </ClInclude>
  </ItemGroup>
  <ItemGroup>
    <ClCompile Include="src\robot.c">
      <Filter>src</Filter>
    </ClCompile>
    <ClCompile Include="src\global_data.c">
      <Filter>src</Filter>
    </ClCompile>
  </ItemGroup>
</Project>