<?xml version="1.0" encoding="utf-8"?>
<Project ToolsVersion="4.0" xmlns="http://schemas.microsoft.com/developer/msbuild/2003">
  <ItemGroup>
    <Filter Include="VisualGDB settings">
      <UniqueIdentifier>{30e5d980-6314-4e4e-8f83-42470231d23a}</UniqueIdentifier>
    </Filter>
    <Filter Include="inc">
      <UniqueIdentifier>{5de2649c-62ed-426c-a0c1-d15837312f90}</UniqueIdentifier>
    </Filter>
    <Filter Include="src">
      <UniqueIdentifier>{f55a0469-cd87-4f8d-9617-bfa4e3bb6d11}</UniqueIdentifier>
    </Filter>
  </ItemGroup>
  <ItemGroup>
    <None Include="lib-driver-Debug.vgdbsettings">
      <Filter>VisualGDB settings</Filter>
    </None>
    <None Include="lib-driver-Release.vgdbsettings">
      <Filter>VisualGDB settings</Filter>
    </None>
    <None Include="stm32.xml">
      <Filter>VisualGDB settings</Filter>
    </None>
  </ItemGroup>
  <ItemGroup>
    <ClInclude Include="inc\driver.h">
      <Filter>inc</Filter>
    </ClInclude>
    <ClInclude Include="inc\status.h">
      <Filter>inc</Filter>
    </ClInclude>
    <ClInclude Include="inc\parameters.h">
      <Filter>inc</Filter>
    </ClInclude>
    <ClInclude Include="inc\debug.h">
      <Filter>inc</Filter>
    </ClInclude>
    <ClInclude Include="inc\imu.h">
      <Filter>inc</Filter>
    </ClInclude>
    <ClInclude Include="inc\motor_controller.h">
      <Filter>inc</Filter>
    </ClInclude>
    <ClInclude Include="inc\clock.h">
      <Filter>inc</Filter>
    </ClInclude>
    <ClInclude Include="inc\line_sensor.h">
      <Filter>inc</Filter>
    </ClInclude>
    <ClInclude Include="inc\tasks.h">
      <Filter>inc</Filter>
    </ClInclude>
    <ClInclude Include="inc\timing.h">
      <Filter>inc</Filter>
    </ClInclude>
    <ClInclude Include="inc\buttons.h">
      <Filter>inc</Filter>
    </ClInclude>
  </ItemGroup>
  <ItemGroup>
    <ClCompile Include="src\clock.c">
      <Filter>src</Filter>
    </ClCompile>
    <ClCompile Include="src\tasks.c">
      <Filter>src</Filter>
    </ClCompile>
  </ItemGroup>
</Project>