<?xml version="1.0" encoding="utf-8"?>
<Project ToolsVersion="4.0" xmlns="http://schemas.microsoft.com/developer/msbuild/2003">
  <ItemGroup>
    <Filter Include="VisualGDB settings">
      <UniqueIdentifier>{859fea26-3c35-438d-b189-8dce8da5b845}</UniqueIdentifier>
    </Filter>
    <Filter Include="src">
      <UniqueIdentifier>{913ce143-e5a6-47eb-bf7f-4bd89d87649f}</UniqueIdentifier>
    </Filter>
  </ItemGroup>
  <ItemGroup>
    <None Include="main-robot-Debug.vgdbsettings">
      <Filter>VisualGDB settings</Filter>
    </None>
    <None Include="main-robot-Release.vgdbsettings">
      <Filter>VisualGDB settings</Filter>
    </None>
    <None Include="stm32.xml">
      <Filter>VisualGDB settings</Filter>
    </None>
    <ClInclude Include="$(BSP_ROOT)\STM32L4xxxx\STM32L4xx_HAL_Driver\Inc\stm32l4xx_hal.h">
      <Filter>Device-specific files\HAL</Filter>
    </ClInclude>
    <ClInclude Include="$(BSP_ROOT)\STM32L4xxxx\STM32L4xx_HAL_Driver\Inc\stm32l4xx_hal_adc.h">
      <Filter>Device-specific files\HAL</Filter>
    </ClInclude>
    <ClInclude Include="$(BSP_ROOT)\STM32L4xxxx\STM32L4xx_HAL_Driver\Inc\stm32l4xx_hal_adc_ex.h">
      <Filter>Device-specific files\HAL</Filter>
    </ClInclude>
    <ClInclude Include="$(BSP_ROOT)\STM32L4xxxx\STM32L4xx_HAL_Driver\Inc\stm32l4xx_hal_can.h">
      <Filter>Device-specific files\HAL</Filter>
    </ClInclude>
    <ClInclude Include="$(BSP_ROOT)\STM32L4xxxx\STM32L4xx_HAL_Driver\Inc\stm32l4xx_hal_comp.h">
      <Filter>Device-specific files\HAL</Filter>
    </ClInclude>
    <ClInclude Include="$(BSP_ROOT)\STM32L4xxxx\STM32L4xx_HAL_Driver\Inc\stm32l4xx_hal_cortex.h">
      <Filter>Device-specific files\HAL</Filter>
    </ClInclude>
    <ClInclude Include="$(BSP_ROOT)\STM32L4xxxx\STM32L4xx_HAL_Driver\Inc\stm32l4xx_hal_crc.h">
      <Filter>Device-specific files\HAL</Filter>
    </ClInclude>
    <ClInclude Include="$(BSP_ROOT)\STM32L4xxxx\STM32L4xx_HAL_Driver\Inc\stm32l4xx_hal_crc_ex.h">
      <Filter>Device-specific files\HAL</Filter>
    </ClInclude>
    <ClInclude Include="$(BSP_ROOT)\STM32L4xxxx\STM32L4xx_HAL_Driver\Inc\stm32l4xx_hal_cryp.h">
      <Filter>Device-specific files\HAL</Filter>
    </ClInclude>
    <ClInclude Include="$(BSP_ROOT)\STM32L4xxxx\STM32L4xx_HAL_Driver\Inc\stm32l4xx_hal_cryp_ex.h">
      <Filter>Device-specific files\HAL</Filter>
    </ClInclude>
    <ClInclude Include="$(BSP_ROOT)\STM32L4xxxx\STM32L4xx_HAL_Driver\Inc\stm32l4xx_hal_dac.h">
      <Filter>Device-specific files\HAL</Filter>
    </ClInclude>
    <ClInclude Include="$(BSP_ROOT)\STM32L4xxxx\STM32L4xx_HAL_Driver\Inc\stm32l4xx_hal_dac_ex.h">
      <Filter>Device-specific files\HAL</Filter>
    </ClInclude>
    <ClInclude Include="$(BSP_ROOT)\STM32L4xxxx\STM32L4xx_HAL_Driver\Inc\stm32l4xx_hal_dcmi.h">
      <Filter>Device-specific files\HAL</Filter>
    </ClInclude>
    <ClInclude Include="$(BSP_ROOT)\STM32L4xxxx\STM32L4xx_HAL_Driver\Inc\stm32l4xx_hal_def.h">
      <Filter>Device-specific files\HAL</Filter>
    </ClInclude>
    <ClInclude Include="$(BSP_ROOT)\STM32L4xxxx\STM32L4xx_HAL_Driver\Inc\stm32l4xx_hal_dfsdm.h">
      <Filter>Device-specific files\HAL</Filter>
    </ClInclude>
    <ClInclude Include="$(BSP_ROOT)\STM32L4xxxx\STM32L4xx_HAL_Driver\Inc\stm32l4xx_hal_dfsdm_ex.h">
      <Filter>Device-specific files\HAL</Filter>
    </ClInclude>
    <ClInclude Include="$(BSP_ROOT)\STM32L4xxxx\STM32L4xx_HAL_Driver\Inc\stm32l4xx_hal_dma.h">
      <Filter>Device-specific files\HAL</Filter>
    </ClInclude>
    <ClInclude Include="$(BSP_ROOT)\STM32L4xxxx\STM32L4xx_HAL_Driver\Inc\stm32l4xx_hal_dma2d.h">
      <Filter>Device-specific files\HAL</Filter>
    </ClInclude>
    <ClInclude Include="$(BSP_ROOT)\STM32L4xxxx\STM32L4xx_HAL_Driver\Inc\stm32l4xx_hal_dma_ex.h">
      <Filter>Device-specific files\HAL</Filter>
    </ClInclude>
    <ClInclude Include="$(BSP_ROOT)\STM32L4xxxx\STM32L4xx_HAL_Driver\Inc\stm32l4xx_hal_dsi.h">
      <Filter>Device-specific files\HAL</Filter>
    </ClInclude>
    <ClInclude Include="$(BSP_ROOT)\STM32L4xxxx\STM32L4xx_HAL_Driver\Inc\stm32l4xx_hal_firewall.h">
      <Filter>Device-specific files\HAL</Filter>
    </ClInclude>
    <ClInclude Include="$(BSP_ROOT)\STM32L4xxxx\STM32L4xx_HAL_Driver\Inc\stm32l4xx_hal_flash.h">
      <Filter>Device-specific files\HAL</Filter>
    </ClInclude>
    <ClInclude Include="$(BSP_ROOT)\STM32L4xxxx\STM32L4xx_HAL_Driver\Inc\stm32l4xx_hal_flash_ex.h">
      <Filter>Device-specific files\HAL</Filter>
    </ClInclude>
    <ClInclude Include="$(BSP_ROOT)\STM32L4xxxx\STM32L4xx_HAL_Driver\Inc\stm32l4xx_hal_flash_ramfunc.h">
      <Filter>Device-specific files\HAL</Filter>
    </ClInclude>
    <ClInclude Include="$(BSP_ROOT)\STM32L4xxxx\STM32L4xx_HAL_Driver\Inc\stm32l4xx_hal_gfxmmu.h">
      <Filter>Device-specific files\HAL</Filter>
    </ClInclude>
    <ClInclude Include="$(BSP_ROOT)\STM32L4xxxx\STM32L4xx_HAL_Driver\Inc\stm32l4xx_hal_gpio.h">
      <Filter>Device-specific files\HAL</Filter>
    </ClInclude>
    <ClInclude Include="$(BSP_ROOT)\STM32L4xxxx\STM32L4xx_HAL_Driver\Inc\stm32l4xx_hal_gpio_ex.h">
      <Filter>Device-specific files\HAL</Filter>
    </ClInclude>
    <ClInclude Include="$(BSP_ROOT)\STM32L4xxxx\STM32L4xx_HAL_Driver\Inc\stm32l4xx_hal_hash.h">
      <Filter>Device-specific files\HAL</Filter>
    </ClInclude>
    <ClInclude Include="$(BSP_ROOT)\STM32L4xxxx\STM32L4xx_HAL_Driver\Inc\stm32l4xx_hal_hash_ex.h">
      <Filter>Device-specific files\HAL</Filter>
    </ClInclude>
    <ClInclude Include="$(BSP_ROOT)\STM32L4xxxx\STM32L4xx_HAL_Driver\Inc\stm32l4xx_hal_hcd.h">
      <Filter>Device-specific files\HAL</Filter>
    </ClInclude>
    <ClInclude Include="$(BSP_ROOT)\STM32L4xxxx\STM32L4xx_HAL_Driver\Inc\stm32l4xx_hal_i2c.h">
      <Filter>Device-specific files\HAL</Filter>
    </ClInclude>
    <ClInclude Include="$(BSP_ROOT)\STM32L4xxxx\STM32L4xx_HAL_Driver\Inc\stm32l4xx_hal_i2c_ex.h">
      <Filter>Device-specific files\HAL</Filter>
    </ClInclude>
    <ClInclude Include="$(BSP_ROOT)\STM32L4xxxx\STM32L4xx_HAL_Driver\Inc\stm32l4xx_hal_irda.h">
      <Filter>Device-specific files\HAL</Filter>
    </ClInclude>
    <ClInclude Include="$(BSP_ROOT)\STM32L4xxxx\STM32L4xx_HAL_Driver\Inc\stm32l4xx_hal_irda_ex.h">
      <Filter>Device-specific files\HAL</Filter>
    </ClInclude>
    <ClInclude Include="$(BSP_ROOT)\STM32L4xxxx\STM32L4xx_HAL_Driver\Inc\stm32l4xx_hal_iwdg.h">
      <Filter>Device-specific files\HAL</Filter>
    </ClInclude>
    <ClInclude Include="$(BSP_ROOT)\STM32L4xxxx\STM32L4xx_HAL_Driver\Inc\stm32l4xx_hal_lcd.h">
      <Filter>Device-specific files\HAL</Filter>
    </ClInclude>
    <ClInclude Include="$(BSP_ROOT)\STM32L4xxxx\STM32L4xx_HAL_Driver\Inc\stm32l4xx_hal_lptim.h">
      <Filter>Device-specific files\HAL</Filter>
    </ClInclude>
    <ClInclude Include="$(BSP_ROOT)\STM32L4xxxx\STM32L4xx_HAL_Driver\Inc\stm32l4xx_hal_ltdc.h">
      <Filter>Device-specific files\HAL</Filter>
    </ClInclude>
    <ClInclude Include="$(BSP_ROOT)\STM32L4xxxx\STM32L4xx_HAL_Driver\Inc\stm32l4xx_hal_ltdc_ex.h">
      <Filter>Device-specific files\HAL</Filter>
    </ClInclude>
    <ClInclude Include="$(BSP_ROOT)\STM32L4xxxx\STM32L4xx_HAL_Driver\Inc\stm32l4xx_hal_nand.h">
      <Filter>Device-specific files\HAL</Filter>
    </ClInclude>
    <ClInclude Include="$(BSP_ROOT)\STM32L4xxxx\STM32L4xx_HAL_Driver\Inc\stm32l4xx_hal_nor.h">
      <Filter>Device-specific files\HAL</Filter>
    </ClInclude>
    <ClInclude Include="$(BSP_ROOT)\STM32L4xxxx\STM32L4xx_HAL_Driver\Inc\stm32l4xx_hal_opamp.h">
      <Filter>Device-specific files\HAL</Filter>
    </ClInclude>
    <ClInclude Include="$(BSP_ROOT)\STM32L4xxxx\STM32L4xx_HAL_Driver\Inc\stm32l4xx_hal_opamp_ex.h">
      <Filter>Device-specific files\HAL</Filter>
    </ClInclude>
    <ClInclude Include="$(BSP_ROOT)\STM32L4xxxx\STM32L4xx_HAL_Driver\Inc\stm32l4xx_hal_ospi.h">
      <Filter>Device-specific files\HAL</Filter>
    </ClInclude>
    <ClInclude Include="$(BSP_ROOT)\STM32L4xxxx\STM32L4xx_HAL_Driver\Inc\stm32l4xx_hal_pcd.h">
      <Filter>Device-specific files\HAL</Filter>
    </ClInclude>
    <ClInclude Include="$(BSP_ROOT)\STM32L4xxxx\STM32L4xx_HAL_Driver\Inc\stm32l4xx_hal_pcd_ex.h">
      <Filter>Device-specific files\HAL</Filter>
    </ClInclude>
    <ClInclude Include="$(BSP_ROOT)\STM32L4xxxx\STM32L4xx_HAL_Driver\Inc\stm32l4xx_hal_pwr.h">
      <Filter>Device-specific files\HAL</Filter>
    </ClInclude>
    <ClInclude Include="$(BSP_ROOT)\STM32L4xxxx\STM32L4xx_HAL_Driver\Inc\stm32l4xx_hal_pwr_ex.h">
      <Filter>Device-specific files\HAL</Filter>
    </ClInclude>
    <ClInclude Include="$(BSP_ROOT)\STM32L4xxxx\STM32L4xx_HAL_Driver\Inc\stm32l4xx_hal_qspi.h">
      <Filter>Device-specific files\HAL</Filter>
    </ClInclude>
    <ClInclude Include="$(BSP_ROOT)\STM32L4xxxx\STM32L4xx_HAL_Driver\Inc\stm32l4xx_hal_rcc.h">
      <Filter>Device-specific files\HAL</Filter>
    </ClInclude>
    <ClInclude Include="$(BSP_ROOT)\STM32L4xxxx\STM32L4xx_HAL_Driver\Inc\stm32l4xx_hal_rcc_ex.h">
      <Filter>Device-specific files\HAL</Filter>
    </ClInclude>
    <ClInclude Include="$(BSP_ROOT)\STM32L4xxxx\STM32L4xx_HAL_Driver\Inc\stm32l4xx_hal_rng.h">
      <Filter>Device-specific files\HAL</Filter>
    </ClInclude>
    <ClInclude Include="$(BSP_ROOT)\STM32L4xxxx\STM32L4xx_HAL_Driver\Inc\stm32l4xx_hal_rtc.h">
      <Filter>Device-specific files\HAL</Filter>
    </ClInclude>
    <ClInclude Include="$(BSP_ROOT)\STM32L4xxxx\STM32L4xx_HAL_Driver\Inc\stm32l4xx_hal_rtc_ex.h">
      <Filter>Device-specific files\HAL</Filter>
    </ClInclude>
    <ClInclude Include="$(BSP_ROOT)\STM32L4xxxx\STM32L4xx_HAL_Driver\Inc\stm32l4xx_hal_sai.h">
      <Filter>Device-specific files\HAL</Filter>
    </ClInclude>
    <ClInclude Include="$(BSP_ROOT)\STM32L4xxxx\STM32L4xx_HAL_Driver\Inc\stm32l4xx_hal_sai_ex.h">
      <Filter>Device-specific files\HAL</Filter>
    </ClInclude>
    <ClInclude Include="$(BSP_ROOT)\STM32L4xxxx\STM32L4xx_HAL_Driver\Inc\stm32l4xx_hal_sd.h">
      <Filter>Device-specific files\HAL</Filter>
    </ClInclude>
    <ClInclude Include="$(BSP_ROOT)\STM32L4xxxx\STM32L4xx_HAL_Driver\Inc\stm32l4xx_hal_sd_ex.h">
      <Filter>Device-specific files\HAL</Filter>
    </ClInclude>
    <ClInclude Include="$(BSP_ROOT)\STM32L4xxxx\STM32L4xx_HAL_Driver\Inc\stm32l4xx_hal_smartcard.h">
      <Filter>Device-specific files\HAL</Filter>
    </ClInclude>
    <ClInclude Include="$(BSP_ROOT)\STM32L4xxxx\STM32L4xx_HAL_Driver\Inc\stm32l4xx_hal_smartcard_ex.h">
      <Filter>Device-specific files\HAL</Filter>
    </ClInclude>
    <ClInclude Include="$(BSP_ROOT)\STM32L4xxxx\STM32L4xx_HAL_Driver\Inc\stm32l4xx_hal_smbus.h">
      <Filter>Device-specific files\HAL</Filter>
    </ClInclude>
    <ClInclude Include="$(BSP_ROOT)\STM32L4xxxx\STM32L4xx_HAL_Driver\Inc\stm32l4xx_hal_spi.h">
      <Filter>Device-specific files\HAL</Filter>
    </ClInclude>
    <ClInclude Include="$(BSP_ROOT)\STM32L4xxxx\STM32L4xx_HAL_Driver\Inc\stm32l4xx_hal_spi_ex.h">
      <Filter>Device-specific files\HAL</Filter>
    </ClInclude>
    <ClInclude Include="$(BSP_ROOT)\STM32L4xxxx\STM32L4xx_HAL_Driver\Inc\stm32l4xx_hal_sram.h">
      <Filter>Device-specific files\HAL</Filter>
    </ClInclude>
    <ClInclude Include="$(BSP_ROOT)\STM32L4xxxx\STM32L4xx_HAL_Driver\Inc\stm32l4xx_hal_swpmi.h">
      <Filter>Device-specific files\HAL</Filter>
    </ClInclude>
    <ClInclude Include="$(BSP_ROOT)\STM32L4xxxx\STM32L4xx_HAL_Driver\Inc\stm32l4xx_hal_tim.h">
      <Filter>Device-specific files\HAL</Filter>
    </ClInclude>
    <ClInclude Include="$(BSP_ROOT)\STM32L4xxxx\STM32L4xx_HAL_Driver\Inc\stm32l4xx_hal_tim_ex.h">
      <Filter>Device-specific files\HAL</Filter>
    </ClInclude>
    <ClInclude Include="$(BSP_ROOT)\STM32L4xxxx\STM32L4xx_HAL_Driver\Inc\stm32l4xx_hal_tsc.h">
      <Filter>Device-specific files\HAL</Filter>
    </ClInclude>
    <ClInclude Include="$(BSP_ROOT)\STM32L4xxxx\STM32L4xx_HAL_Driver\Inc\stm32l4xx_hal_uart.h">
      <Filter>Device-specific files\HAL</Filter>
    </ClInclude>
    <ClInclude Include="$(BSP_ROOT)\STM32L4xxxx\STM32L4xx_HAL_Driver\Inc\stm32l4xx_hal_uart_ex.h">
      <Filter>Device-specific files\HAL</Filter>
    </ClInclude>
    <ClInclude Include="$(BSP_ROOT)\STM32L4xxxx\STM32L4xx_HAL_Driver\Inc\stm32l4xx_hal_usart.h">
      <Filter>Device-specific files\HAL</Filter>
    </ClInclude>
    <ClInclude Include="$(BSP_ROOT)\STM32L4xxxx\STM32L4xx_HAL_Driver\Inc\stm32l4xx_hal_usart_ex.h">
      <Filter>Device-specific files\HAL</Filter>
    </ClInclude>
    <ClInclude Include="$(BSP_ROOT)\STM32L4xxxx\STM32L4xx_HAL_Driver\Inc\stm32l4xx_hal_wwdg.h">
      <Filter>Device-specific files\HAL</Filter>
    </ClInclude>
    <ClInclude Include="$(BSP_ROOT)\STM32L4xxxx\STM32L4xx_HAL_Driver\Inc\stm32l4xx_ll_adc.h">
      <Filter>Device-specific files\HAL</Filter>
    </ClInclude>
    <ClInclude Include="$(BSP_ROOT)\STM32L4xxxx\STM32L4xx_HAL_Driver\Inc\stm32l4xx_ll_bus.h">
      <Filter>Device-specific files\HAL</Filter>
    </ClInclude>
    <ClInclude Include="$(BSP_ROOT)\STM32L4xxxx\STM32L4xx_HAL_Driver\Inc\stm32l4xx_ll_comp.h">
      <Filter>Device-specific files\HAL</Filter>
    </ClInclude>
    <ClInclude Include="$(BSP_ROOT)\STM32L4xxxx\STM32L4xx_HAL_Driver\Inc\stm32l4xx_ll_cortex.h">
      <Filter>Device-specific files\HAL</Filter>
    </ClInclude>
    <ClInclude Include="$(BSP_ROOT)\STM32L4xxxx\STM32L4xx_HAL_Driver\Inc\stm32l4xx_ll_crc.h">
      <Filter>Device-specific files\HAL</Filter>
    </ClInclude>
    <ClInclude Include="$(BSP_ROOT)\STM32L4xxxx\STM32L4xx_HAL_Driver\Inc\stm32l4xx_ll_crs.h">
      <Filter>Device-specific files\HAL</Filter>
    </ClInclude>
    <ClInclude Include="$(BSP_ROOT)\STM32L4xxxx\STM32L4xx_HAL_Driver\Inc\stm32l4xx_ll_dac.h">
      <Filter>Device-specific files\HAL</Filter>
    </ClInclude>
    <ClInclude Include="$(BSP_ROOT)\STM32L4xxxx\STM32L4xx_HAL_Driver\Inc\stm32l4xx_ll_dma.h">
      <Filter>Device-specific files\HAL</Filter>
    </ClInclude>
    <ClInclude Include="$(BSP_ROOT)\STM32L4xxxx\STM32L4xx_HAL_Driver\Inc\stm32l4xx_ll_dma2d.h">
      <Filter>Device-specific files\HAL</Filter>
    </ClInclude>
    <ClInclude Include="$(BSP_ROOT)\STM32L4xxxx\STM32L4xx_HAL_Driver\Inc\stm32l4xx_ll_dmamux.h">
      <Filter>Device-specific files\HAL</Filter>
    </ClInclude>
    <ClInclude Include="$(BSP_ROOT)\STM32L4xxxx\STM32L4xx_HAL_Driver\Inc\stm32l4xx_ll_exti.h">
      <Filter>Device-specific files\HAL</Filter>
    </ClInclude>
    <ClInclude Include="$(BSP_ROOT)\STM32L4xxxx\STM32L4xx_HAL_Driver\Inc\stm32l4xx_ll_fmc.h">
      <Filter>Device-specific files\HAL</Filter>
    </ClInclude>
    <ClInclude Include="$(BSP_ROOT)\STM32L4xxxx\STM32L4xx_HAL_Driver\Inc\stm32l4xx_ll_gpio.h">
      <Filter>Device-specific files\HAL</Filter>
    </ClInclude>
    <ClInclude Include="$(BSP_ROOT)\STM32L4xxxx\STM32L4xx_HAL_Driver\Inc\stm32l4xx_ll_i2c.h">
      <Filter>Device-specific files\HAL</Filter>
    </ClInclude>
    <ClInclude Include="$(BSP_ROOT)\STM32L4xxxx\STM32L4xx_HAL_Driver\Inc\stm32l4xx_ll_iwdg.h">
      <Filter>Device-specific files\HAL</Filter>
    </ClInclude>
    <ClInclude Include="$(BSP_ROOT)\STM32L4xxxx\STM32L4xx_HAL_Driver\Inc\stm32l4xx_ll_lptim.h">
      <Filter>Device-specific files\HAL</Filter>
    </ClInclude>
    <ClInclude Include="$(BSP_ROOT)\STM32L4xxxx\STM32L4xx_HAL_Driver\Inc\stm32l4xx_ll_lpuart.h">
      <Filter>Device-specific files\HAL</Filter>
    </ClInclude>
    <ClInclude Include="$(BSP_ROOT)\STM32L4xxxx\STM32L4xx_HAL_Driver\Inc\stm32l4xx_ll_opamp.h">
      <Filter>Device-specific files\HAL</Filter>
    </ClInclude>
    <ClInclude Include="$(BSP_ROOT)\STM32L4xxxx\STM32L4xx_HAL_Driver\Inc\stm32l4xx_ll_pwr.h">
      <Filter>Device-specific files\HAL</Filter>
    </ClInclude>
    <ClInclude Include="$(BSP_ROOT)\STM32L4xxxx\STM32L4xx_HAL_Driver\Inc\stm32l4xx_ll_rcc.h">
      <Filter>Device-specific files\HAL</Filter>
    </ClInclude>
    <ClInclude Include="$(BSP_ROOT)\STM32L4xxxx\STM32L4xx_HAL_Driver\Inc\stm32l4xx_ll_rng.h">
      <Filter>Device-specific files\HAL</Filter>
    </ClInclude>
    <ClInclude Include="$(BSP_ROOT)\STM32L4xxxx\STM32L4xx_HAL_Driver\Inc\stm32l4xx_ll_rtc.h">
      <Filter>Device-specific files\HAL</Filter>
    </ClInclude>
    <ClInclude Include="$(BSP_ROOT)\STM32L4xxxx\STM32L4xx_HAL_Driver\Inc\stm32l4xx_ll_sdmmc.h">
      <Filter>Device-specific files\HAL</Filter>
    </ClInclude>
    <ClInclude Include="$(BSP_ROOT)\STM32L4xxxx\STM32L4xx_HAL_Driver\Inc\stm32l4xx_ll_spi.h">
      <Filter>Device-specific files\HAL</Filter>
    </ClInclude>
    <ClInclude Include="$(BSP_ROOT)\STM32L4xxxx\STM32L4xx_HAL_Driver\Inc\stm32l4xx_ll_swpmi.h">
      <Filter>Device-specific files\HAL</Filter>
    </ClInclude>
    <ClInclude Include="$(BSP_ROOT)\STM32L4xxxx\STM32L4xx_HAL_Driver\Inc\stm32l4xx_ll_system.h">
      <Filter>Device-specific files\HAL</Filter>
    </ClInclude>
    <ClInclude Include="$(BSP_ROOT)\STM32L4xxxx\STM32L4xx_HAL_Driver\Inc\stm32l4xx_ll_tim.h">
      <Filter>Device-specific files\HAL</Filter>
    </ClInclude>
    <ClInclude Include="$(BSP_ROOT)\STM32L4xxxx\STM32L4xx_HAL_Driver\Inc\stm32l4xx_ll_usart.h">
      <Filter>Device-specific files\HAL</Filter>
    </ClInclude>
    <ClInclude Include="$(BSP_ROOT)\STM32L4xxxx\STM32L4xx_HAL_Driver\Inc\stm32l4xx_ll_usb.h">
      <Filter>Device-specific files\HAL</Filter>
    </ClInclude>
    <ClInclude Include="$(BSP_ROOT)\STM32L4xxxx\STM32L4xx_HAL_Driver\Inc\stm32l4xx_ll_utils.h">
      <Filter>Device-specific files\HAL</Filter>
    </ClInclude>
    <ClInclude Include="$(BSP_ROOT)\STM32L4xxxx\STM32L4xx_HAL_Driver\Inc\stm32l4xx_ll_wwdg.h">
      <Filter>Device-specific files\HAL</Filter>
    </ClInclude>
    <ClInclude Include="$(BSP_ROOT)\STM32L4xxxx\STM32L4xx_HAL_Driver\Inc\Legacy\stm32l4xx_hal_can_legacy.h">
      <Filter>Device-specific files\HAL</Filter>
    </ClInclude>
    <ClInclude Include="$(BSP_ROOT)\STM32L4xxxx\STM32L4xx_HAL_Driver\Inc\Legacy\stm32_hal_legacy.h">
      <Filter>Device-specific files\HAL</Filter>
    </ClInclude>
    <ClInclude Include="$(BSP_ROOT)\STM32L4xxxx\CMSIS_HAL\Device\ST\STM32L4xx\Include\stm32l4xx.h">
      <Filter>Device-specific files\HAL</Filter>
    </ClInclude>
    <ClInclude Include="$(BSP_ROOT)\STM32L4xxxx\CMSIS_HAL\Device\ST\STM32L4xx\Include\system_stm32l4xx.h">
      <Filter>Device-specific files\HAL</Filter>
    </ClInclude>
    <ClInclude Include="$(BSP_ROOT)\STM32L4xxxx\CMSIS_HAL\Include\arm_common_tables.h">
      <Filter>Device-specific files\HAL</Filter>
    </ClInclude>
    <ClInclude Include="$(BSP_ROOT)\STM32L4xxxx\CMSIS_HAL\Include\arm_const_structs.h">
      <Filter>Device-specific files\HAL</Filter>
    </ClInclude>
    <ClInclude Include="$(BSP_ROOT)\STM32L4xxxx\CMSIS_HAL\Include\arm_math.h">
      <Filter>Device-specific files\HAL</Filter>
    </ClInclude>
    <ClInclude Include="$(BSP_ROOT)\STM32L4xxxx\CMSIS_HAL\Include\cmsis_armcc.h">
      <Filter>Device-specific files\HAL</Filter>
    </ClInclude>
    <ClInclude Include="$(BSP_ROOT)\STM32L4xxxx\CMSIS_HAL\Include\cmsis_armcc_V6.h">
      <Filter>Device-specific files\HAL</Filter>
    </ClInclude>
    <ClInclude Include="$(BSP_ROOT)\STM32L4xxxx\CMSIS_HAL\Include\cmsis_gcc.h">
      <Filter>Device-specific files\HAL</Filter>
    </ClInclude>
    <ClInclude Include="$(BSP_ROOT)\STM32L4xxxx\CMSIS_HAL\Include\core_cm0.h">
      <Filter>Device-specific files\HAL</Filter>
    </ClInclude>
    <ClInclude Include="$(BSP_ROOT)\STM32L4xxxx\CMSIS_HAL\Include\core_cm0plus.h">
      <Filter>Device-specific files\HAL</Filter>
    </ClInclude>
    <ClInclude Include="$(BSP_ROOT)\STM32L4xxxx\CMSIS_HAL\Include\core_cm3.h">
      <Filter>Device-specific files\HAL</Filter>
    </ClInclude>
    <ClInclude Include="$(BSP_ROOT)\STM32L4xxxx\CMSIS_HAL\Include\core_cm4.h">
      <Filter>Device-specific files\HAL</Filter>
    </ClInclude>
    <ClInclude Include="$(BSP_ROOT)\STM32L4xxxx\CMSIS_HAL\Include\core_cm7.h">
      <Filter>Device-specific files\HAL</Filter>
    </ClInclude>
    <ClInclude Include="$(BSP_ROOT)\STM32L4xxxx\CMSIS_HAL\Include\core_cmFunc.h">
      <Filter>Device-specific files\HAL</Filter>
    </ClInclude>
    <ClInclude Include="$(BSP_ROOT)\STM32L4xxxx\CMSIS_HAL\Include\core_cmInstr.h">
      <Filter>Device-specific files\HAL</Filter>
    </ClInclude>
    <ClInclude Include="$(BSP_ROOT)\STM32L4xxxx\CMSIS_HAL\Include\core_cmSimd.h">
      <Filter>Device-specific files\HAL</Filter>
    </ClInclude>
    <ClInclude Include="$(BSP_ROOT)\STM32L4xxxx\CMSIS_HAL\Include\core_sc000.h">
      <Filter>Device-specific files\HAL</Filter>
    </ClInclude>
    <ClInclude Include="$(BSP_ROOT)\STM32L4xxxx\CMSIS_HAL\Include\core_sc300.h">
      <Filter>Device-specific files\HAL</Filter>
    </ClInclude>
    <ClInclude Include="$(BSP_ROOT)\STM32L4xxxx\CMSIS_HAL\RTOS\Template\cmsis_os.h">
      <Filter>Device-specific files\HAL</Filter>
    </ClInclude>
  </ItemGroup>
  <ItemGroup>
    <ClCompile Include="src\main.c">
      <Filter>src</Filter>
    </ClCompile>
  </ItemGroup>
</Project>