<?xml version="1.0" encoding="utf-8"?>
<Project ToolsVersion="4.0" xmlns="http://schemas.microsoft.com/developer/msbuild/2003">
  <ItemGroup>
    <Filter Include="VisualGDB settings">
      <UniqueIdentifier>{85174260-4577-4a1a-8547-57af9cb732ef}</UniqueIdentifier>
    </Filter>
    <Filter Include="src">
      <UniqueIdentifier>{4f3ce806-5aa8-49ab-9748-b5918b3954fb}</UniqueIdentifier>
    </Filter>
    <Filter Include="Device-specific files">
      <UniqueIdentifier>{a3b9dd06-60be-4859-97d5-257462d52b60}</UniqueIdentifier>
    </Filter>
    <Filter Include="Device-specific files\LL">
      <UniqueIdentifier>{ee4a2a65-9f05-4a3c-9fac-56389f5b1c89}</UniqueIdentifier>
    </Filter>
  </ItemGroup>
  <ItemGroup>
    <None Include="main-line-sensor-wireless-stm32wb55rg-Debug.vgdbsettings">
      <Filter>VisualGDB settings</Filter>
    </None>
    <None Include="main-line-sensor-wireless-stm32wb55rg-Release.vgdbsettings">
      <Filter>VisualGDB settings</Filter>
    </None>
    <None Include="stm32wb.xml">
      <Filter>VisualGDB settings</Filter>
    </None>
    <None Include="stm32wb.props">
      <Filter>Device-specific files</Filter>
    </None>
    <ClCompile Include="$(BSP_ROOT)\STM32WBxxxx\StartupFiles\startup_stm32wb55xx_cm4.c">
      <Filter>Device-specific files</Filter>
    </ClCompile>
    <ClCompile Include="$(BSP_ROOT)\STM32WBxxxx\STM32WBxx_HAL_Driver\Src\stm32wbxx_ll_adc.c">
      <Filter>Device-specific files\LL</Filter>
    </ClCompile>
    <ClCompile Include="$(BSP_ROOT)\STM32WBxxxx\STM32WBxx_HAL_Driver\Src\stm32wbxx_ll_comp.c">
      <Filter>Device-specific files\LL</Filter>
    </ClCompile>
    <ClCompile Include="$(BSP_ROOT)\STM32WBxxxx\STM32WBxx_HAL_Driver\Src\stm32wbxx_ll_crc.c">
      <Filter>Device-specific files\LL</Filter>
    </ClCompile>
    <ClCompile Include="$(BSP_ROOT)\STM32WBxxxx\STM32WBxx_HAL_Driver\Src\stm32wbxx_ll_crs.c">
      <Filter>Device-specific files\LL</Filter>
    </ClCompile>
    <ClCompile Include="$(BSP_ROOT)\STM32WBxxxx\STM32WBxx_HAL_Driver\Src\stm32wbxx_ll_dma.c">
      <Filter>Device-specific files\LL</Filter>
    </ClCompile>
    <ClCompile Include="$(BSP_ROOT)\STM32WBxxxx\STM32WBxx_HAL_Driver\Src\stm32wbxx_ll_exti.c">
      <Filter>Device-specific files\LL</Filter>
    </ClCompile>
    <ClCompile Include="$(BSP_ROOT)\STM32WBxxxx\STM32WBxx_HAL_Driver\Src\stm32wbxx_ll_gpio.c">
      <Filter>Device-specific files\LL</Filter>
    </ClCompile>
    <ClCompile Include="$(BSP_ROOT)\STM32WBxxxx\STM32WBxx_HAL_Driver\Src\stm32wbxx_ll_i2c.c">
      <Filter>Device-specific files\LL</Filter>
    </ClCompile>
    <ClCompile Include="$(BSP_ROOT)\STM32WBxxxx\STM32WBxx_HAL_Driver\Src\stm32wbxx_ll_lptim.c">
      <Filter>Device-specific files\LL</Filter>
    </ClCompile>
    <ClCompile Include="$(BSP_ROOT)\STM32WBxxxx\STM32WBxx_HAL_Driver\Src\stm32wbxx_ll_lpuart.c">
      <Filter>Device-specific files\LL</Filter>
    </ClCompile>
    <ClCompile Include="$(BSP_ROOT)\STM32WBxxxx\STM32WBxx_HAL_Driver\Src\stm32wbxx_ll_pka.c">
      <Filter>Device-specific files\LL</Filter>
    </ClCompile>
    <ClCompile Include="$(BSP_ROOT)\STM32WBxxxx\STM32WBxx_HAL_Driver\Src\stm32wbxx_ll_pwr.c">
      <Filter>Device-specific files\LL</Filter>
    </ClCompile>
    <ClCompile Include="$(BSP_ROOT)\STM32WBxxxx\STM32WBxx_HAL_Driver\Src\stm32wbxx_ll_rcc.c">
      <Filter>Device-specific files\LL</Filter>
    </ClCompile>
    <ClCompile Include="$(BSP_ROOT)\STM32WBxxxx\STM32WBxx_HAL_Driver\Src\stm32wbxx_ll_rng.c">
      <Filter>Device-specific files\LL</Filter>
    </ClCompile>
    <ClCompile Include="$(BSP_ROOT)\STM32WBxxxx\STM32WBxx_HAL_Driver\Src\stm32wbxx_ll_rtc.c">
      <Filter>Device-specific files\LL</Filter>
    </ClCompile>
    <ClCompile Include="$(BSP_ROOT)\STM32WBxxxx\STM32WBxx_HAL_Driver\Src\stm32wbxx_ll_spi.c">
      <Filter>Device-specific files\LL</Filter>
    </ClCompile>
    <ClCompile Include="$(BSP_ROOT)\STM32WBxxxx\STM32WBxx_HAL_Driver\Src\stm32wbxx_ll_tim.c">
      <Filter>Device-specific files\LL</Filter>
    </ClCompile>
    <ClCompile Include="$(BSP_ROOT)\STM32WBxxxx\STM32WBxx_HAL_Driver\Src\stm32wbxx_ll_usart.c">
      <Filter>Device-specific files\LL</Filter>
    </ClCompile>
    <ClCompile Include="$(BSP_ROOT)\STM32WBxxxx\STM32WBxx_HAL_Driver\Src\stm32wbxx_ll_utils.c">
      <Filter>Device-specific files\LL</Filter>
    </ClCompile>
    <ClInclude Include="$(BSP_ROOT)\STM32WBxxxx\STM32WBxx_HAL_Driver\Inc\stm32wbxx_ll_adc.h">
      <Filter>Device-specific files\LL</Filter>
    </ClInclude>
    <ClInclude Include="$(BSP_ROOT)\STM32WBxxxx\STM32WBxx_HAL_Driver\Inc\stm32wbxx_ll_bus.h">
      <Filter>Device-specific files\LL</Filter>
    </ClInclude>
    <ClInclude Include="$(BSP_ROOT)\STM32WBxxxx\STM32WBxx_HAL_Driver\Inc\stm32wbxx_ll_comp.h">
      <Filter>Device-specific files\LL</Filter>
    </ClInclude>
    <ClInclude Include="$(BSP_ROOT)\STM32WBxxxx\STM32WBxx_HAL_Driver\Inc\stm32wbxx_ll_cortex.h">
      <Filter>Device-specific files\LL</Filter>
    </ClInclude>
    <ClInclude Include="$(BSP_ROOT)\STM32WBxxxx\STM32WBxx_HAL_Driver\Inc\stm32wbxx_ll_crc.h">
      <Filter>Device-specific files\LL</Filter>
    </ClInclude>
    <ClInclude Include="$(BSP_ROOT)\STM32WBxxxx\STM32WBxx_HAL_Driver\Inc\stm32wbxx_ll_crs.h">
      <Filter>Device-specific files\LL</Filter>
    </ClInclude>
    <ClInclude Include="$(BSP_ROOT)\STM32WBxxxx\STM32WBxx_HAL_Driver\Inc\stm32wbxx_ll_dma.h">
      <Filter>Device-specific files\LL</Filter>
    </ClInclude>
    <ClInclude Include="$(BSP_ROOT)\STM32WBxxxx\STM32WBxx_HAL_Driver\Inc\stm32wbxx_ll_dmamux.h">
      <Filter>Device-specific files\LL</Filter>
    </ClInclude>
    <ClInclude Include="$(BSP_ROOT)\STM32WBxxxx\STM32WBxx_HAL_Driver\Inc\stm32wbxx_ll_exti.h">
      <Filter>Device-specific files\LL</Filter>
    </ClInclude>
    <ClInclude Include="$(BSP_ROOT)\STM32WBxxxx\STM32WBxx_HAL_Driver\Inc\stm32wbxx_ll_gpio.h">
      <Filter>Device-specific files\LL</Filter>
    </ClInclude>
    <ClInclude Include="$(BSP_ROOT)\STM32WBxxxx\STM32WBxx_HAL_Driver\Inc\stm32wbxx_ll_hsem.h">
      <Filter>Device-specific files\LL</Filter>
    </ClInclude>
    <ClInclude Include="$(BSP_ROOT)\STM32WBxxxx\STM32WBxx_HAL_Driver\Inc\stm32wbxx_ll_i2c.h">
      <Filter>Device-specific files\LL</Filter>
    </ClInclude>
    <ClInclude Include="$(BSP_ROOT)\STM32WBxxxx\STM32WBxx_HAL_Driver\Inc\stm32wbxx_ll_ipcc.h">
      <Filter>Device-specific files\LL</Filter>
    </ClInclude>
    <ClInclude Include="$(BSP_ROOT)\STM32WBxxxx\STM32WBxx_HAL_Driver\Inc\stm32wbxx_ll_iwdg.h">
      <Filter>Device-specific files\LL</Filter>
    </ClInclude>
    <ClInclude Include="$(BSP_ROOT)\STM32WBxxxx\STM32WBxx_HAL_Driver\Inc\stm32wbxx_ll_lptim.h">
      <Filter>Device-specific files\LL</Filter>
    </ClInclude>
    <ClInclude Include="$(BSP_ROOT)\STM32WBxxxx\STM32WBxx_HAL_Driver\Inc\stm32wbxx_ll_lpuart.h">
      <Filter>Device-specific files\LL</Filter>
    </ClInclude>
    <ClInclude Include="$(BSP_ROOT)\STM32WBxxxx\STM32WBxx_HAL_Driver\Inc\stm32wbxx_ll_pka.h">
      <Filter>Device-specific files\LL</Filter>
    </ClInclude>
    <ClInclude Include="$(BSP_ROOT)\STM32WBxxxx\STM32WBxx_HAL_Driver\Inc\stm32wbxx_ll_pwr.h">
      <Filter>Device-specific files\LL</Filter>
    </ClInclude>
    <ClInclude Include="$(BSP_ROOT)\STM32WBxxxx\STM32WBxx_HAL_Driver\Inc\stm32wbxx_ll_rcc.h">
      <Filter>Device-specific files\LL</Filter>
    </ClInclude>
    <ClInclude Include="$(BSP_ROOT)\STM32WBxxxx\STM32WBxx_HAL_Driver\Inc\stm32wbxx_ll_rng.h">
      <Filter>Device-specific files\LL</Filter>
    </ClInclude>
    <ClInclude Include="$(BSP_ROOT)\STM32WBxxxx\STM32WBxx_HAL_Driver\Inc\stm32wbxx_ll_rtc.h">
      <Filter>Device-specific files\LL</Filter>
    </ClInclude>
    <ClInclude Include="$(BSP_ROOT)\STM32WBxxxx\STM32WBxx_HAL_Driver\Inc\stm32wbxx_ll_spi.h">
      <Filter>Device-specific files\LL</Filter>
    </ClInclude>
    <ClInclude Include="$(BSP_ROOT)\STM32WBxxxx\STM32WBxx_HAL_Driver\Inc\stm32wbxx_ll_system.h">
      <Filter>Device-specific files\LL</Filter>
    </ClInclude>
    <ClInclude Include="$(BSP_ROOT)\STM32WBxxxx\STM32WBxx_HAL_Driver\Inc\stm32wbxx_ll_tim.h">
      <Filter>Device-specific files\LL</Filter>
    </ClInclude>
    <ClInclude Include="$(BSP_ROOT)\STM32WBxxxx\STM32WBxx_HAL_Driver\Inc\stm32wbxx_ll_usart.h">
      <Filter>Device-specific files\LL</Filter>
    </ClInclude>
    <ClInclude Include="$(BSP_ROOT)\STM32WBxxxx\STM32WBxx_HAL_Driver\Inc\stm32wbxx_ll_utils.h">
      <Filter>Device-specific files\LL</Filter>
    </ClInclude>
    <ClInclude Include="$(BSP_ROOT)\STM32WBxxxx\STM32WBxx_HAL_Driver\Inc\stm32wbxx_ll_wwdg.h">
      <Filter>Device-specific files\LL</Filter>
    </ClInclude>
  </ItemGroup>
  <ItemGroup>
    <ClCompile Include="..\src-line-sensor-wireless\main.c">
      <Filter>src</Filter>
    </ClCompile>
    <ClCompile Include="..\src-line-sensor-wireless\system.c">
      <Filter>src</Filter>
    </ClCompile>
    <ClCompile Include="..\src-line-sensor-wireless\error.c">
      <Filter>src</Filter>
    </ClCompile>
  </ItemGroup>
  <ItemGroup>
    <ClInclude Include="..\src-line-sensor-wireless\system.h">
      <Filter>src</Filter>
    </ClInclude>
    <ClInclude Include="..\src-line-sensor-wireless\error.h">
      <Filter>src</Filter>
    </ClInclude>
  </ItemGroup>
</Project>