<?xml version="1.0" encoding="utf-8"?>
<Project ToolsVersion="4.0" xmlns="http://schemas.microsoft.com/developer/msbuild/2003">
  <ItemGroup>
    <Filter Include="VisualGDB settings">
      <UniqueIdentifier>{85174260-4577-4a1a-8547-57af9cb732ef}</UniqueIdentifier>
    </Filter>
    <Filter Include="src">
      <UniqueIdentifier>{4f3ce806-5aa8-49ab-9748-b5918b3954fb}</UniqueIdentifier>
    </Filter>
    <Filter Include="Device-specific files">
      <UniqueIdentifier>{a3b9dd06-60be-4859-97d5-257462d52b60}</UniqueIdentifier>
    </Filter>
    <Filter Include="Device-specific files\LL">
      <UniqueIdentifier>{ee4a2a65-9f05-4a3c-9fac-56389f5b1c89}</UniqueIdentifier>
    </Filter>
    <Filter Include="src\application">
      <UniqueIdentifier>{a79291fe-949d-4a1e-aaf2-3e1513d235fd}</UniqueIdentifier>
    </Filter>
    <Filter Include="src\utilities">
      <UniqueIdentifier>{1455023a-8968-405e-8f5e-b5128d967d3a}</UniqueIdentifier>
    </Filter>
    <Filter Include="src\ble_thread">
      <UniqueIdentifier>{f07c805c-0b7c-40d7-8723-722f82e625b9}</UniqueIdentifier>
    </Filter>
    <Filter Include="src\stm32">
      <UniqueIdentifier>{d1bde43e-5761-4d37-9486-23cad4b5aedb}</UniqueIdentifier>
    </Filter>
    <Filter Include="src\sequencer">
      <UniqueIdentifier>{c0c45f0d-1c81-43c5-ad86-670a82222373}</UniqueIdentifier>
    </Filter>
    <Filter Include="src\cmsis">
      <UniqueIdentifier>{bcc8de64-a6ad-43df-b8e5-f968934799c5}</UniqueIdentifier>
    </Filter>
    <Filter Include="src\tiny_lpm">
      <UniqueIdentifier>{8efb40b6-324f-4e79-a879-f44424c27895}</UniqueIdentifier>
    </Filter>
  </ItemGroup>
  <ItemGroup>
    <None Include="main-line-sensor-wireless-stm32wb55rg-Debug.vgdbsettings">
      <Filter>VisualGDB settings</Filter>
    </None>
    <None Include="main-line-sensor-wireless-stm32wb55rg-Release.vgdbsettings">
      <Filter>VisualGDB settings</Filter>
    </None>
    <None Include="stm32wb.xml">
      <Filter>VisualGDB settings</Filter>
    </None>
    <None Include="stm32wb.props">
      <Filter>Device-specific files</Filter>
    </None>
    <ClCompile Include="$(BSP_ROOT)\STM32WBxxxx\StartupFiles\startup_stm32wb55xx_cm4.c">
      <Filter>Device-specific files</Filter>
    </ClCompile>
    <ClCompile Include="$(BSP_ROOT)\STM32WBxxxx\STM32WBxx_HAL_Driver\Src\stm32wbxx_ll_adc.c">
      <Filter>Device-specific files\LL</Filter>
    </ClCompile>
    <ClCompile Include="$(BSP_ROOT)\STM32WBxxxx\STM32WBxx_HAL_Driver\Src\stm32wbxx_ll_comp.c">
      <Filter>Device-specific files\LL</Filter>
    </ClCompile>
    <ClCompile Include="$(BSP_ROOT)\STM32WBxxxx\STM32WBxx_HAL_Driver\Src\stm32wbxx_ll_crc.c">
      <Filter>Device-specific files\LL</Filter>
    </ClCompile>
    <ClCompile Include="$(BSP_ROOT)\STM32WBxxxx\STM32WBxx_HAL_Driver\Src\stm32wbxx_ll_crs.c">
      <Filter>Device-specific files\LL</Filter>
    </ClCompile>
    <ClCompile Include="$(BSP_ROOT)\STM32WBxxxx\STM32WBxx_HAL_Driver\Src\stm32wbxx_ll_dma.c">
      <Filter>Device-specific files\LL</Filter>
    </ClCompile>
    <ClCompile Include="$(BSP_ROOT)\STM32WBxxxx\STM32WBxx_HAL_Driver\Src\stm32wbxx_ll_exti.c">
      <Filter>Device-specific files\LL</Filter>
    </ClCompile>
    <ClCompile Include="$(BSP_ROOT)\STM32WBxxxx\STM32WBxx_HAL_Driver\Src\stm32wbxx_ll_gpio.c">
      <Filter>Device-specific files\LL</Filter>
    </ClCompile>
    <ClCompile Include="$(BSP_ROOT)\STM32WBxxxx\STM32WBxx_HAL_Driver\Src\stm32wbxx_ll_i2c.c">
      <Filter>Device-specific files\LL</Filter>
    </ClCompile>
    <ClCompile Include="$(BSP_ROOT)\STM32WBxxxx\STM32WBxx_HAL_Driver\Src\stm32wbxx_ll_lptim.c">
      <Filter>Device-specific files\LL</Filter>
    </ClCompile>
    <ClCompile Include="$(BSP_ROOT)\STM32WBxxxx\STM32WBxx_HAL_Driver\Src\stm32wbxx_ll_lpuart.c">
      <Filter>Device-specific files\LL</Filter>
    </ClCompile>
    <ClCompile Include="$(BSP_ROOT)\STM32WBxxxx\STM32WBxx_HAL_Driver\Src\stm32wbxx_ll_pka.c">
      <Filter>Device-specific files\LL</Filter>
    </ClCompile>
    <ClCompile Include="$(BSP_ROOT)\STM32WBxxxx\STM32WBxx_HAL_Driver\Src\stm32wbxx_ll_pwr.c">
      <Filter>Device-specific files\LL</Filter>
    </ClCompile>
    <ClCompile Include="$(BSP_ROOT)\STM32WBxxxx\STM32WBxx_HAL_Driver\Src\stm32wbxx_ll_rcc.c">
      <Filter>Device-specific files\LL</Filter>
    </ClCompile>
    <ClCompile Include="$(BSP_ROOT)\STM32WBxxxx\STM32WBxx_HAL_Driver\Src\stm32wbxx_ll_rng.c">
      <Filter>Device-specific files\LL</Filter>
    </ClCompile>
    <ClCompile Include="$(BSP_ROOT)\STM32WBxxxx\STM32WBxx_HAL_Driver\Src\stm32wbxx_ll_rtc.c">
      <Filter>Device-specific files\LL</Filter>
    </ClCompile>
    <ClCompile Include="$(BSP_ROOT)\STM32WBxxxx\STM32WBxx_HAL_Driver\Src\stm32wbxx_ll_spi.c">
      <Filter>Device-specific files\LL</Filter>
    </ClCompile>
    <ClCompile Include="$(BSP_ROOT)\STM32WBxxxx\STM32WBxx_HAL_Driver\Src\stm32wbxx_ll_tim.c">
      <Filter>Device-specific files\LL</Filter>
    </ClCompile>
    <ClCompile Include="$(BSP_ROOT)\STM32WBxxxx\STM32WBxx_HAL_Driver\Src\stm32wbxx_ll_usart.c">
      <Filter>Device-specific files\LL</Filter>
    </ClCompile>
    <ClCompile Include="$(BSP_ROOT)\STM32WBxxxx\STM32WBxx_HAL_Driver\Src\stm32wbxx_ll_utils.c">
      <Filter>Device-specific files\LL</Filter>
    </ClCompile>
    <ClInclude Include="$(BSP_ROOT)\STM32WBxxxx\STM32WBxx_HAL_Driver\Inc\stm32wbxx_ll_adc.h">
      <Filter>Device-specific files\LL</Filter>
    </ClInclude>
    <ClInclude Include="$(BSP_ROOT)\STM32WBxxxx\STM32WBxx_HAL_Driver\Inc\stm32wbxx_ll_bus.h">
      <Filter>Device-specific files\LL</Filter>
    </ClInclude>
    <ClInclude Include="$(BSP_ROOT)\STM32WBxxxx\STM32WBxx_HAL_Driver\Inc\stm32wbxx_ll_comp.h">
      <Filter>Device-specific files\LL</Filter>
    </ClInclude>
    <ClInclude Include="$(BSP_ROOT)\STM32WBxxxx\STM32WBxx_HAL_Driver\Inc\stm32wbxx_ll_cortex.h">
      <Filter>Device-specific files\LL</Filter>
    </ClInclude>
    <ClInclude Include="$(BSP_ROOT)\STM32WBxxxx\STM32WBxx_HAL_Driver\Inc\stm32wbxx_ll_crc.h">
      <Filter>Device-specific files\LL</Filter>
    </ClInclude>
    <ClInclude Include="$(BSP_ROOT)\STM32WBxxxx\STM32WBxx_HAL_Driver\Inc\stm32wbxx_ll_crs.h">
      <Filter>Device-specific files\LL</Filter>
    </ClInclude>
    <ClInclude Include="$(BSP_ROOT)\STM32WBxxxx\STM32WBxx_HAL_Driver\Inc\stm32wbxx_ll_dma.h">
      <Filter>Device-specific files\LL</Filter>
    </ClInclude>
    <ClInclude Include="$(BSP_ROOT)\STM32WBxxxx\STM32WBxx_HAL_Driver\Inc\stm32wbxx_ll_dmamux.h">
      <Filter>Device-specific files\LL</Filter>
    </ClInclude>
    <ClInclude Include="$(BSP_ROOT)\STM32WBxxxx\STM32WBxx_HAL_Driver\Inc\stm32wbxx_ll_exti.h">
      <Filter>Device-specific files\LL</Filter>
    </ClInclude>
    <ClInclude Include="$(BSP_ROOT)\STM32WBxxxx\STM32WBxx_HAL_Driver\Inc\stm32wbxx_ll_gpio.h">
      <Filter>Device-specific files\LL</Filter>
    </ClInclude>
    <ClInclude Include="$(BSP_ROOT)\STM32WBxxxx\STM32WBxx_HAL_Driver\Inc\stm32wbxx_ll_hsem.h">
      <Filter>Device-specific files\LL</Filter>
    </ClInclude>
    <ClInclude Include="$(BSP_ROOT)\STM32WBxxxx\STM32WBxx_HAL_Driver\Inc\stm32wbxx_ll_i2c.h">
      <Filter>Device-specific files\LL</Filter>
    </ClInclude>
    <ClInclude Include="$(BSP_ROOT)\STM32WBxxxx\STM32WBxx_HAL_Driver\Inc\stm32wbxx_ll_ipcc.h">
      <Filter>Device-specific files\LL</Filter>
    </ClInclude>
    <ClInclude Include="$(BSP_ROOT)\STM32WBxxxx\STM32WBxx_HAL_Driver\Inc\stm32wbxx_ll_iwdg.h">
      <Filter>Device-specific files\LL</Filter>
    </ClInclude>
    <ClInclude Include="$(BSP_ROOT)\STM32WBxxxx\STM32WBxx_HAL_Driver\Inc\stm32wbxx_ll_lptim.h">
      <Filter>Device-specific files\LL</Filter>
    </ClInclude>
    <ClInclude Include="$(BSP_ROOT)\STM32WBxxxx\STM32WBxx_HAL_Driver\Inc\stm32wbxx_ll_lpuart.h">
      <Filter>Device-specific files\LL</Filter>
    </ClInclude>
    <ClInclude Include="$(BSP_ROOT)\STM32WBxxxx\STM32WBxx_HAL_Driver\Inc\stm32wbxx_ll_pka.h">
      <Filter>Device-specific files\LL</Filter>
    </ClInclude>
    <ClInclude Include="$(BSP_ROOT)\STM32WBxxxx\STM32WBxx_HAL_Driver\Inc\stm32wbxx_ll_pwr.h">
      <Filter>Device-specific files\LL</Filter>
    </ClInclude>
    <ClInclude Include="$(BSP_ROOT)\STM32WBxxxx\STM32WBxx_HAL_Driver\Inc\stm32wbxx_ll_rcc.h">
      <Filter>Device-specific files\LL</Filter>
    </ClInclude>
    <ClInclude Include="$(BSP_ROOT)\STM32WBxxxx\STM32WBxx_HAL_Driver\Inc\stm32wbxx_ll_rng.h">
      <Filter>Device-specific files\LL</Filter>
    </ClInclude>
    <ClInclude Include="$(BSP_ROOT)\STM32WBxxxx\STM32WBxx_HAL_Driver\Inc\stm32wbxx_ll_rtc.h">
      <Filter>Device-specific files\LL</Filter>
    </ClInclude>
    <ClInclude Include="$(BSP_ROOT)\STM32WBxxxx\STM32WBxx_HAL_Driver\Inc\stm32wbxx_ll_spi.h">
      <Filter>Device-specific files\LL</Filter>
    </ClInclude>
    <ClInclude Include="$(BSP_ROOT)\STM32WBxxxx\STM32WBxx_HAL_Driver\Inc\stm32wbxx_ll_system.h">
      <Filter>Device-specific files\LL</Filter>
    </ClInclude>
    <ClInclude Include="$(BSP_ROOT)\STM32WBxxxx\STM32WBxx_HAL_Driver\Inc\stm32wbxx_ll_tim.h">
      <Filter>Device-specific files\LL</Filter>
    </ClInclude>
    <ClInclude Include="$(BSP_ROOT)\STM32WBxxxx\STM32WBxx_HAL_Driver\Inc\stm32wbxx_ll_usart.h">
      <Filter>Device-specific files\LL</Filter>
    </ClInclude>
    <ClInclude Include="$(BSP_ROOT)\STM32WBxxxx\STM32WBxx_HAL_Driver\Inc\stm32wbxx_ll_utils.h">
      <Filter>Device-specific files\LL</Filter>
    </ClInclude>
    <ClInclude Include="$(BSP_ROOT)\STM32WBxxxx\STM32WBxx_HAL_Driver\Inc\stm32wbxx_ll_wwdg.h">
      <Filter>Device-specific files\LL</Filter>
    </ClInclude>
  </ItemGroup>
  <ItemGroup>
    <ClCompile Include="..\src-line-sensor-wireless\main.c">
      <Filter>src</Filter>
    </ClCompile>
    <ClCompile Include="..\src-line-sensor-wireless\application\hw_timerserver.c">
      <Filter>src\application</Filter>
    </ClCompile>
    <ClCompile Include="..\src-line-sensor-wireless\application\hw_uart.c">
      <Filter>src\application</Filter>
    </ClCompile>
    <ClCompile Include="..\src-line-sensor-wireless\utilities\otp.c">
      <Filter>src\utilities</Filter>
    </ClCompile>
    <ClCompile Include="..\src-line-sensor-wireless\stm32\stm32wbxx_hal.c">
      <Filter>src\stm32</Filter>
    </ClCompile>
    <ClCompile Include="..\src-line-sensor-wireless\stm32\stm32wbxx_hal_cortex.c">
      <Filter>src\stm32</Filter>
    </ClCompile>
    <ClCompile Include="..\src-line-sensor-wireless\stm32\stm32wbxx_hal_dma.c">
      <Filter>src\stm32</Filter>
    </ClCompile>
    <ClCompile Include="..\src-line-sensor-wireless\stm32\stm32wbxx_hal_exti.c">
      <Filter>src\stm32</Filter>
    </ClCompile>
    <ClCompile Include="..\src-line-sensor-wireless\stm32\stm32wbxx_hal_flash.c">
      <Filter>src\stm32</Filter>
    </ClCompile>
    <ClCompile Include="..\src-line-sensor-wireless\stm32\stm32wbxx_hal_gpio.c">
      <Filter>src\stm32</Filter>
    </ClCompile>
    <ClCompile Include="..\src-line-sensor-wireless\stm32\stm32wbxx_hal_hsem.c">
      <Filter>src\stm32</Filter>
    </ClCompile>
    <ClCompile Include="..\src-line-sensor-wireless\stm32\stm32wbxx_hal_ipcc.c">
      <Filter>src\stm32</Filter>
    </ClCompile>
    <ClCompile Include="..\src-line-sensor-wireless\stm32\stm32wbxx_hal_pwr.c">
      <Filter>src\stm32</Filter>
    </ClCompile>
    <ClCompile Include="..\src-line-sensor-wireless\stm32\stm32wbxx_hal_rcc.c">
      <Filter>src\stm32</Filter>
    </ClCompile>
    <ClCompile Include="..\src-line-sensor-wireless\stm32\stm32wbxx_hal_rtc.c">
      <Filter>src\stm32</Filter>
    </ClCompile>
    <ClCompile Include="..\src-line-sensor-wireless\stm32\stm32wbxx_hal_uart.c">
      <Filter>src\stm32</Filter>
    </ClCompile>
    <ClCompile Include="..\src-line-sensor-wireless\stm32\stm32wbxx_nucleo.c">
      <Filter>src\stm32</Filter>
    </ClCompile>
    <ClCompile Include="..\src-line-sensor-wireless\global_data.c">
      <Filter>src</Filter>
    </ClCompile>
    <ClCompile Include="..\src-line-sensor-wireless\sequencer\stm32_seq.c">
      <Filter>src\sequencer</Filter>
    </ClCompile>
    <ClCompile Include="..\src-line-sensor-wireless\system_clocks.c">
      <Filter>src</Filter>
    </ClCompile>
    <ClCompile Include="..\src-line-sensor-wireless\stm32\stm32wbxx_hal_pwr_ex.c">
      <Filter>src\stm32</Filter>
    </ClCompile>
    <ClCompile Include="..\src-line-sensor-wireless\error.c">
      <Filter>src</Filter>
    </ClCompile>
    <ClCompile Include="..\src-line-sensor-wireless\stm32\stm32wbxx_hal_rcc_ex.c">
      <Filter>src\stm32</Filter>
    </ClCompile>
    <ClCompile Include="..\src-line-sensor-wireless\exti.c">
      <Filter>src</Filter>
    </ClCompile>
    <ClCompile Include="..\src-line-sensor-wireless\gpio.c">
      <Filter>src</Filter>
    </ClCompile>
    <ClCompile Include="..\src-line-sensor-wireless\application.c">
      <Filter>src</Filter>
    </ClCompile>
    <ClCompile Include="..\src-line-sensor-wireless\tiny_lpm\stm32_lpm.c">
      <Filter>src\tiny_lpm</Filter>
    </ClCompile>
    <ClCompile Include="..\src-line-sensor-wireless\utilities\dbg_trace.c">
      <Filter>src\utilities</Filter>
    </ClCompile>
    <ClCompile Include="..\src-line-sensor-wireless\utilities\stm_queue.c">
      <Filter>src\utilities</Filter>
    </ClCompile>
    <ClCompile Include="..\src-line-sensor-wireless\uart.c">
      <Filter>src</Filter>
    </ClCompile>
    <ClCompile Include="..\src-line-sensor-wireless\stm32\stm32wbxx_hal_uart_ex.c">
      <Filter>src\stm32</Filter>
    </ClCompile>
    <ClCompile Include="..\src-line-sensor-wireless\debug.c">
      <Filter>src</Filter>
    </ClCompile>
    <ClCompile Include="..\src-line-sensor-wireless\led.c">
      <Filter>src</Filter>
    </ClCompile>
    <ClCompile Include="..\src-line-sensor-wireless\buttons.c">
      <Filter>src</Filter>
    </ClCompile>
  </ItemGroup>
  <ItemGroup>
    <ClInclude Include="..\src-line-sensor-wireless\application\app_common.h">
      <Filter>src\application</Filter>
    </ClInclude>
    <ClInclude Include="..\src-line-sensor-wireless\application\app_conf.h">
      <Filter>src\application</Filter>
    </ClInclude>
    <ClInclude Include="..\src-line-sensor-wireless\application\hw_conf.h">
      <Filter>src\application</Filter>
    </ClInclude>
    <ClInclude Include="..\src-line-sensor-wireless\application\hw_if.h">
      <Filter>src\application</Filter>
    </ClInclude>
    <ClInclude Include="..\src-line-sensor-wireless\utilities\otp.h">
      <Filter>src\utilities</Filter>
    </ClInclude>
    <ClInclude Include="..\src-line-sensor-wireless\utilities\utilities_common.h">
      <Filter>src\utilities</Filter>
    </ClInclude>
    <ClInclude Include="..\src-line-sensor-wireless\ble_thread\hw.h">
      <Filter>src\ble_thread</Filter>
    </ClInclude>
    <ClInclude Include="..\src-line-sensor-wireless\stm32\stm32wbxx_hal.h">
      <Filter>src\stm32</Filter>
    </ClInclude>
    <ClInclude Include="..\src-line-sensor-wireless\stm32\stm32wbxx_hal_rtc.h">
      <Filter>src\stm32</Filter>
    </ClInclude>
    <ClInclude Include="..\src-line-sensor-wireless\stm32\stm32wbxx_hal_conf.h">
      <Filter>src\stm32</Filter>
    </ClInclude>
    <ClInclude Include="..\src-line-sensor-wireless\stm32\stm32wbxx_hal_cortex.h">
      <Filter>src\stm32</Filter>
    </ClInclude>
    <ClInclude Include="..\src-line-sensor-wireless\stm32\stm32wbxx_hal_dma.h">
      <Filter>src\stm32</Filter>
    </ClInclude>
    <ClInclude Include="..\src-line-sensor-wireless\stm32\stm32wbxx_hal_exti.h">
      <Filter>src\stm32</Filter>
    </ClInclude>
    <ClInclude Include="..\src-line-sensor-wireless\stm32\stm32wbxx_hal_flash.h">
      <Filter>src\stm32</Filter>
    </ClInclude>
    <ClInclude Include="..\src-line-sensor-wireless\stm32\stm32wbxx_hal_gpio.h">
      <Filter>src\stm32</Filter>
    </ClInclude>
    <ClInclude Include="..\src-line-sensor-wireless\stm32\stm32wbxx_hal_hsem.h">
      <Filter>src\stm32</Filter>
    </ClInclude>
    <ClInclude Include="..\src-line-sensor-wireless\stm32\stm32wbxx_hal_ipcc.h">
      <Filter>src\stm32</Filter>
    </ClInclude>
    <ClInclude Include="..\src-line-sensor-wireless\stm32\stm32wbxx_hal_pwr.h">
      <Filter>src\stm32</Filter>
    </ClInclude>
    <ClInclude Include="..\src-line-sensor-wireless\stm32\stm32wbxx_hal_rcc.h">
      <Filter>src\stm32</Filter>
    </ClInclude>
    <ClInclude Include="..\src-line-sensor-wireless\stm32\stm32wbxx_hal_uart.h">
      <Filter>src\stm32</Filter>
    </ClInclude>
    <ClInclude Include="..\src-line-sensor-wireless\stm32\stm32wbxx_nucleo.h">
      <Filter>src\stm32</Filter>
    </ClInclude>
    <ClInclude Include="..\src-line-sensor-wireless\global_data.h">
      <Filter>src</Filter>
    </ClInclude>
    <ClInclude Include="..\src-line-sensor-wireless\sequencer\stm32_seq.h">
      <Filter>src\sequencer</Filter>
    </ClInclude>
    <ClInclude Include="..\src-line-sensor-wireless\application\utilities_conf.h">
      <Filter>src\application</Filter>
    </ClInclude>
    <ClInclude Include="..\src-line-sensor-wireless\cmsis\cmsis_compiler.h">
      <Filter>src\cmsis</Filter>
    </ClInclude>
    <ClInclude Include="..\src-line-sensor-wireless\system_clocks.h">
      <Filter>src</Filter>
    </ClInclude>
    <ClInclude Include="..\src-line-sensor-wireless\error.h">
      <Filter>src</Filter>
    </ClInclude>
    <ClInclude Include="..\src-line-sensor-wireless\stm32\stm32wbxx_hal_pwr_ex.h">
      <Filter>src\stm32</Filter>
    </ClInclude>
    <ClInclude Include="..\src-line-sensor-wireless\stm32\stm32wbxx_hal_rcc_ex.h">
      <Filter>src\stm32</Filter>
    </ClInclude>
    <ClInclude Include="..\src-line-sensor-wireless\exti.h">
      <Filter>src</Filter>
    </ClInclude>
    <ClInclude Include="..\src-line-sensor-wireless\gpio.h">
      <Filter>src</Filter>
    </ClInclude>
    <ClInclude Include="..\src-line-sensor-wireless\application.h">
      <Filter>src</Filter>
    </ClInclude>
    <ClInclude Include="..\src-line-sensor-wireless\tiny_lpm\stm32_lpm.h">
      <Filter>src\tiny_lpm</Filter>
    </ClInclude>
    <ClInclude Include="..\src-line-sensor-wireless\utilities\dbg_trace.h">
      <Filter>src\utilities</Filter>
    </ClInclude>
    <ClInclude Include="..\src-line-sensor-wireless\utilities\stm_queue.h">
      <Filter>src\utilities</Filter>
    </ClInclude>
    <ClInclude Include="..\src-line-sensor-wireless\uart.h">
      <Filter>src</Filter>
    </ClInclude>
    <ClInclude Include="..\src-line-sensor-wireless\stm32\stm32wbxx_hal_uart_ex.h">
      <Filter>src\stm32</Filter>
    </ClInclude>
    <ClInclude Include="..\src-line-sensor-wireless\debug.h">
      <Filter>src</Filter>
    </ClInclude>
    <ClInclude Include="..\src-line-sensor-wireless\led.h">
      <Filter>src</Filter>
    </ClInclude>
    <ClInclude Include="..\src-line-sensor-wireless\buttons.h">
      <Filter>src</Filter>
    </ClInclude>
  </ItemGroup>
</Project>