
Microsoft Visual Studio Solution File, Format Version 12.00
# Visual Studio Version 16
VisualStudioVersion = 16.0.29509.3
MinimumVisualStudioVersion = 10.0.40219.1
Project("{888888A0-9F3D-457C-B088-3A5042F75D52}") = "src-data-collector", "line-sensor\src-data-collector\src-data-collector.pyproj", "{BBB3DA9C-B9E0-443E-932A-375770FD07FB}"
EndProject
Project("{8BC9CEB8-8B4A-11D0-8D11-00A0C91BC942}") = "lib-stm32l496zg", "common\lib-stm32l4\prj-stm32l496zg\lib-stm32l496zg.vcxproj", "{28E807DD-CE7B-4EEF-822D-E5873B182727}"
EndProject
Project("{8BC9CEB8-8B4A-11D0-8D11-00A0C91BC942}") = "main-position-controller-stm32l496zg", "line-sensor\prj-position-controller-stm32l496zg\main-position-controller-stm32l496zg.vcxproj", "{CE757F01-A018-4FA2-8462-5CBD6C704C2E}"
EndProject
Global
	GlobalSection(SolutionConfigurationPlatforms) = preSolution
		Debug|Any CPU = Debug|Any CPU
		Debug|VisualGDB = Debug|VisualGDB
		Release|Any CPU = Release|Any CPU
		Release|VisualGDB = Release|VisualGDB
	EndGlobalSection
	GlobalSection(ProjectConfigurationPlatforms) = postSolution
		{BBB3DA9C-B9E0-443E-932A-375770FD07FB}.Debug|Any CPU.ActiveCfg = Debug|Any CPU
		{BBB3DA9C-B9E0-443E-932A-375770FD07FB}.Debug|VisualGDB.ActiveCfg = Debug|Any CPU
		{BBB3DA9C-B9E0-443E-932A-375770FD07FB}.Release|Any CPU.ActiveCfg = Release|Any CPU
		{BBB3DA9C-B9E0-443E-932A-375770FD07FB}.Release|VisualGDB.ActiveCfg = Release|Any CPU
		{28E807DD-CE7B-4EEF-822D-E5873B182727}.Debug|Any CPU.ActiveCfg = Debug|VisualGDB
		{28E807DD-CE7B-4EEF-822D-E5873B182727}.Debug|VisualGDB.ActiveCfg = Debug|VisualGDB
		{28E807DD-CE7B-4EEF-822D-E5873B182727}.Debug|VisualGDB.Build.0 = Debug|VisualGDB
		{28E807DD-CE7B-4EEF-822D-E5873B182727}.Release|Any CPU.ActiveCfg = Release|VisualGDB
		{28E807DD-CE7B-4EEF-822D-E5873B182727}.Release|VisualGDB.ActiveCfg = Release|VisualGDB
		{28E807DD-CE7B-4EEF-822D-E5873B182727}.Release|VisualGDB.Build.0 = Release|VisualGDB
		{CE757F01-A018-4FA2-8462-5CBD6C704C2E}.Debug|Any CPU.ActiveCfg = Debug|VisualGDB
		{CE757F01-A018-4FA2-8462-5CBD6C704C2E}.Debug|VisualGDB.ActiveCfg = Debug|VisualGDB
		{CE757F01-A018-4FA2-8462-5CBD6C704C2E}.Debug|VisualGDB.Build.0 = Debug|VisualGDB
		{CE757F01-A018-4FA2-8462-5CBD6C704C2E}.Release|Any CPU.ActiveCfg = Release|VisualGDB
		{CE757F01-A018-4FA2-8462-5CBD6C704C2E}.Release|VisualGDB.ActiveCfg = Release|VisualGDB
		{CE757F01-A018-4FA2-8462-5CBD6C704C2E}.Release|VisualGDB.Build.0 = Release|VisualGDB
	EndGlobalSection
	GlobalSection(SolutionProperties) = preSolution
		HideSolutionNode = FALSE
	EndGlobalSection
	GlobalSection(ExtensibilityGlobals) = postSolution
		SolutionGuid = {18D96CD7-5AC5-416C-A8DC-A1ABEA93B794}
	EndGlobalSection
EndGlobal
