
Microsoft Visual Studio Solution File, Format Version 12.00
# Visual Studio Version 16
VisualStudioVersion = 16.0.29509.3
MinimumVisualStudioVersion = 10.0.40219.1
Project("{8BC9CEB8-8B4A-11D0-8D11-00A0C91BC942}") = "lib-stm32l496zg", "common\lib-stm32l4\prj-stm32l496zg\lib-stm32l496zg.vcxproj", "{28E807DD-CE7B-4EEF-822D-E5873B182727}"
EndProject
Project("{8BC9CEB8-8B4A-11D0-8D11-00A0C91BC942}") = "main-line-sensor-wireless-stm32wb55rg", "line-sensor\prj-line-sensor-wireless-stm32wb55rg\main-line-sensor-wireless-stm32wb55rg.vcxproj", "{D81D3971-C186-4D3C-8B2B-9580CFDBA190}"
EndProject
Project("{8BC9CEB8-8B4A-11D0-8D11-00A0C91BC942}") = "lib-stm32wb55rg", "common\lib-stm32wb\prj-stm32wb55rg\lib-stm32wb55rg.vcxproj", "{50CB8853-DF20-4367-A74C-6F9E93764C59}"
EndProject
Project("{FAE04EC0-301F-11D3-BF4B-00C04F79EFBC}") = "src-data-collector", "line-sensor\src-data-collector\src-data-collector.csproj", "{F054648D-B6DD-4253-8652-A87A7F7BEAA6}"
EndProject
Project("{8BC9CEB8-8B4A-11D0-8D11-00A0C91BC942}") = "lib-stm32l476rg", "common\lib-stm32l4\prj-stm32l476rg\lib-stm32l476rg.vcxproj", "{1AFB99EA-6C60-4A46-9A3C-B86B53BC7D29}"
EndProject
Project("{8BC9CEB8-8B4A-11D0-8D11-00A0C91BC942}") = "main-position-controller-stm32l476rg", "position-controller\prj-stm32l476rg\main-position-controller-stm32l476rg.vcxproj", "{5CD92DCA-3032-42AF-A7E6-A184AA1AC5DF}"
EndProject
Project("{8BC9CEB8-8B4A-11D0-8D11-00A0C91BC942}") = "main-position-controller-stm32l496zg", "position-controller\prj-stm32l496zg\main-position-controller-stm32l496zg.vcxproj", "{CE757F01-A018-4FA2-8462-5CBD6C704C2E}"
EndProject
Global
	GlobalSection(SolutionConfigurationPlatforms) = preSolution
		Debug|Any CPU = Debug|Any CPU
		Debug|ARM = Debug|ARM
		Debug|ARM64 = Debug|ARM64
		Debug|VisualGDB = Debug|VisualGDB
		Debug|x64 = Debug|x64
		Debug|x86 = Debug|x86
		Release|Any CPU = Release|Any CPU
		Release|ARM = Release|ARM
		Release|ARM64 = Release|ARM64
		Release|VisualGDB = Release|VisualGDB
		Release|x64 = Release|x64
		Release|x86 = Release|x86
	EndGlobalSection
	GlobalSection(ProjectConfigurationPlatforms) = postSolution
		{28E807DD-CE7B-4EEF-822D-E5873B182727}.Debug|Any CPU.ActiveCfg = Debug|VisualGDB
		{28E807DD-CE7B-4EEF-822D-E5873B182727}.Debug|ARM.ActiveCfg = Debug|VisualGDB
		{28E807DD-CE7B-4EEF-822D-E5873B182727}.Debug|ARM64.ActiveCfg = Debug|VisualGDB
		{28E807DD-CE7B-4EEF-822D-E5873B182727}.Debug|VisualGDB.ActiveCfg = Debug|VisualGDB
		{28E807DD-CE7B-4EEF-822D-E5873B182727}.Debug|VisualGDB.Build.0 = Debug|VisualGDB
		{28E807DD-CE7B-4EEF-822D-E5873B182727}.Debug|x64.ActiveCfg = Debug|VisualGDB
		{28E807DD-CE7B-4EEF-822D-E5873B182727}.Debug|x86.ActiveCfg = Debug|VisualGDB
		{28E807DD-CE7B-4EEF-822D-E5873B182727}.Release|Any CPU.ActiveCfg = Release|VisualGDB
		{28E807DD-CE7B-4EEF-822D-E5873B182727}.Release|ARM.ActiveCfg = Release|VisualGDB
		{28E807DD-CE7B-4EEF-822D-E5873B182727}.Release|ARM64.ActiveCfg = Release|VisualGDB
		{28E807DD-CE7B-4EEF-822D-E5873B182727}.Release|VisualGDB.ActiveCfg = Release|VisualGDB
		{28E807DD-CE7B-4EEF-822D-E5873B182727}.Release|VisualGDB.Build.0 = Release|VisualGDB
		{28E807DD-CE7B-4EEF-822D-E5873B182727}.Release|x64.ActiveCfg = Release|VisualGDB
		{28E807DD-CE7B-4EEF-822D-E5873B182727}.Release|x86.ActiveCfg = Release|VisualGDB
		{D81D3971-C186-4D3C-8B2B-9580CFDBA190}.Debug|Any CPU.ActiveCfg = Debug|VisualGDB
		{D81D3971-C186-4D3C-8B2B-9580CFDBA190}.Debug|ARM.ActiveCfg = Debug|VisualGDB
		{D81D3971-C186-4D3C-8B2B-9580CFDBA190}.Debug|ARM64.ActiveCfg = Debug|VisualGDB
		{D81D3971-C186-4D3C-8B2B-9580CFDBA190}.Debug|VisualGDB.ActiveCfg = Debug|VisualGDB
		{D81D3971-C186-4D3C-8B2B-9580CFDBA190}.Debug|VisualGDB.Build.0 = Debug|VisualGDB
		{D81D3971-C186-4D3C-8B2B-9580CFDBA190}.Debug|x64.ActiveCfg = Debug|VisualGDB
		{D81D3971-C186-4D3C-8B2B-9580CFDBA190}.Debug|x86.ActiveCfg = Debug|VisualGDB
		{D81D3971-C186-4D3C-8B2B-9580CFDBA190}.Release|Any CPU.ActiveCfg = Release|VisualGDB
		{D81D3971-C186-4D3C-8B2B-9580CFDBA190}.Release|ARM.ActiveCfg = Release|VisualGDB
		{D81D3971-C186-4D3C-8B2B-9580CFDBA190}.Release|ARM64.ActiveCfg = Release|VisualGDB
		{D81D3971-C186-4D3C-8B2B-9580CFDBA190}.Release|VisualGDB.ActiveCfg = Release|VisualGDB
		{D81D3971-C186-4D3C-8B2B-9580CFDBA190}.Release|VisualGDB.Build.0 = Release|VisualGDB
		{D81D3971-C186-4D3C-8B2B-9580CFDBA190}.Release|x64.ActiveCfg = Release|VisualGDB
		{D81D3971-C186-4D3C-8B2B-9580CFDBA190}.Release|x86.ActiveCfg = Release|VisualGDB
		{50CB8853-DF20-4367-A74C-6F9E93764C59}.Debug|Any CPU.ActiveCfg = Debug|VisualGDB
		{50CB8853-DF20-4367-A74C-6F9E93764C59}.Debug|ARM.ActiveCfg = Debug|VisualGDB
		{50CB8853-DF20-4367-A74C-6F9E93764C59}.Debug|ARM64.ActiveCfg = Debug|VisualGDB
		{50CB8853-DF20-4367-A74C-6F9E93764C59}.Debug|VisualGDB.ActiveCfg = Debug|VisualGDB
		{50CB8853-DF20-4367-A74C-6F9E93764C59}.Debug|VisualGDB.Build.0 = Debug|VisualGDB
		{50CB8853-DF20-4367-A74C-6F9E93764C59}.Debug|x64.ActiveCfg = Debug|VisualGDB
		{50CB8853-DF20-4367-A74C-6F9E93764C59}.Debug|x86.ActiveCfg = Debug|VisualGDB
		{50CB8853-DF20-4367-A74C-6F9E93764C59}.Release|Any CPU.ActiveCfg = Release|VisualGDB
		{50CB8853-DF20-4367-A74C-6F9E93764C59}.Release|ARM.ActiveCfg = Release|VisualGDB
		{50CB8853-DF20-4367-A74C-6F9E93764C59}.Release|ARM64.ActiveCfg = Release|VisualGDB
		{50CB8853-DF20-4367-A74C-6F9E93764C59}.Release|VisualGDB.ActiveCfg = Release|VisualGDB
		{50CB8853-DF20-4367-A74C-6F9E93764C59}.Release|VisualGDB.Build.0 = Release|VisualGDB
		{50CB8853-DF20-4367-A74C-6F9E93764C59}.Release|x64.ActiveCfg = Release|VisualGDB
		{50CB8853-DF20-4367-A74C-6F9E93764C59}.Release|x86.ActiveCfg = Release|VisualGDB
		{F054648D-B6DD-4253-8652-A87A7F7BEAA6}.Debug|Any CPU.ActiveCfg = Debug|x86
		{F054648D-B6DD-4253-8652-A87A7F7BEAA6}.Debug|ARM.ActiveCfg = Debug|ARM
		{F054648D-B6DD-4253-8652-A87A7F7BEAA6}.Debug|ARM.Build.0 = Debug|ARM
		{F054648D-B6DD-4253-8652-A87A7F7BEAA6}.Debug|ARM.Deploy.0 = Debug|ARM
		{F054648D-B6DD-4253-8652-A87A7F7BEAA6}.Debug|ARM64.ActiveCfg = Debug|ARM64
		{F054648D-B6DD-4253-8652-A87A7F7BEAA6}.Debug|ARM64.Build.0 = Debug|ARM64
		{F054648D-B6DD-4253-8652-A87A7F7BEAA6}.Debug|ARM64.Deploy.0 = Debug|ARM64
		{F054648D-B6DD-4253-8652-A87A7F7BEAA6}.Debug|VisualGDB.ActiveCfg = Debug|x86
		{F054648D-B6DD-4253-8652-A87A7F7BEAA6}.Debug|x64.ActiveCfg = Debug|x64
		{F054648D-B6DD-4253-8652-A87A7F7BEAA6}.Debug|x64.Build.0 = Debug|x64
		{F054648D-B6DD-4253-8652-A87A7F7BEAA6}.Debug|x64.Deploy.0 = Debug|x64
		{F054648D-B6DD-4253-8652-A87A7F7BEAA6}.Debug|x86.ActiveCfg = Debug|x86
		{F054648D-B6DD-4253-8652-A87A7F7BEAA6}.Debug|x86.Build.0 = Debug|x86
		{F054648D-B6DD-4253-8652-A87A7F7BEAA6}.Debug|x86.Deploy.0 = Debug|x86
		{F054648D-B6DD-4253-8652-A87A7F7BEAA6}.Release|Any CPU.ActiveCfg = Release|x86
		{F054648D-B6DD-4253-8652-A87A7F7BEAA6}.Release|ARM.ActiveCfg = Release|ARM
		{F054648D-B6DD-4253-8652-A87A7F7BEAA6}.Release|ARM.Build.0 = Release|ARM
		{F054648D-B6DD-4253-8652-A87A7F7BEAA6}.Release|ARM.Deploy.0 = Release|ARM
		{F054648D-B6DD-4253-8652-A87A7F7BEAA6}.Release|ARM64.ActiveCfg = Release|ARM64
		{F054648D-B6DD-4253-8652-A87A7F7BEAA6}.Release|ARM64.Build.0 = Release|ARM64
		{F054648D-B6DD-4253-8652-A87A7F7BEAA6}.Release|ARM64.Deploy.0 = Release|ARM64
		{F054648D-B6DD-4253-8652-A87A7F7BEAA6}.Release|VisualGDB.ActiveCfg = Release|x86
		{F054648D-B6DD-4253-8652-A87A7F7BEAA6}.Release|x64.ActiveCfg = Release|x64
		{F054648D-B6DD-4253-8652-A87A7F7BEAA6}.Release|x64.Build.0 = Release|x64
		{F054648D-B6DD-4253-8652-A87A7F7BEAA6}.Release|x64.Deploy.0 = Release|x64
		{F054648D-B6DD-4253-8652-A87A7F7BEAA6}.Release|x86.ActiveCfg = Release|x86
		{F054648D-B6DD-4253-8652-A87A7F7BEAA6}.Release|x86.Build.0 = Release|x86
		{F054648D-B6DD-4253-8652-A87A7F7BEAA6}.Release|x86.Deploy.0 = Release|x86
		{1AFB99EA-6C60-4A46-9A3C-B86B53BC7D29}.Debug|Any CPU.ActiveCfg = Debug|VisualGDB
		{1AFB99EA-6C60-4A46-9A3C-B86B53BC7D29}.Debug|ARM.ActiveCfg = Debug|VisualGDB
		{1AFB99EA-6C60-4A46-9A3C-B86B53BC7D29}.Debug|ARM64.ActiveCfg = Debug|VisualGDB
		{1AFB99EA-6C60-4A46-9A3C-B86B53BC7D29}.Debug|VisualGDB.ActiveCfg = Debug|VisualGDB
		{1AFB99EA-6C60-4A46-9A3C-B86B53BC7D29}.Debug|VisualGDB.Build.0 = Debug|VisualGDB
		{1AFB99EA-6C60-4A46-9A3C-B86B53BC7D29}.Debug|x64.ActiveCfg = Debug|VisualGDB
		{1AFB99EA-6C60-4A46-9A3C-B86B53BC7D29}.Debug|x86.ActiveCfg = Debug|VisualGDB
		{1AFB99EA-6C60-4A46-9A3C-B86B53BC7D29}.Release|Any CPU.ActiveCfg = Release|VisualGDB
		{1AFB99EA-6C60-4A46-9A3C-B86B53BC7D29}.Release|ARM.ActiveCfg = Release|VisualGDB
		{1AFB99EA-6C60-4A46-9A3C-B86B53BC7D29}.Release|ARM64.ActiveCfg = Release|VisualGDB
		{1AFB99EA-6C60-4A46-9A3C-B86B53BC7D29}.Release|VisualGDB.ActiveCfg = Release|VisualGDB
		{1AFB99EA-6C60-4A46-9A3C-B86B53BC7D29}.Release|VisualGDB.Build.0 = Release|VisualGDB
		{1AFB99EA-6C60-4A46-9A3C-B86B53BC7D29}.Release|x64.ActiveCfg = Release|VisualGDB
		{1AFB99EA-6C60-4A46-9A3C-B86B53BC7D29}.Release|x86.ActiveCfg = Release|VisualGDB
		{5CD92DCA-3032-42AF-A7E6-A184AA1AC5DF}.Debug|Any CPU.ActiveCfg = Debug|VisualGDB
		{5CD92DCA-3032-42AF-A7E6-A184AA1AC5DF}.Debug|ARM.ActiveCfg = Debug|VisualGDB
		{5CD92DCA-3032-42AF-A7E6-A184AA1AC5DF}.Debug|ARM64.ActiveCfg = Debug|VisualGDB
		{5CD92DCA-3032-42AF-A7E6-A184AA1AC5DF}.Debug|VisualGDB.ActiveCfg = Debug|VisualGDB
		{5CD92DCA-3032-42AF-A7E6-A184AA1AC5DF}.Debug|VisualGDB.Build.0 = Debug|VisualGDB
		{5CD92DCA-3032-42AF-A7E6-A184AA1AC5DF}.Debug|x64.ActiveCfg = Debug|VisualGDB
		{5CD92DCA-3032-42AF-A7E6-A184AA1AC5DF}.Debug|x86.ActiveCfg = Debug|VisualGDB
		{5CD92DCA-3032-42AF-A7E6-A184AA1AC5DF}.Release|Any CPU.ActiveCfg = Release|VisualGDB
		{5CD92DCA-3032-42AF-A7E6-A184AA1AC5DF}.Release|ARM.ActiveCfg = Release|VisualGDB
		{5CD92DCA-3032-42AF-A7E6-A184AA1AC5DF}.Release|ARM64.ActiveCfg = Release|VisualGDB
		{5CD92DCA-3032-42AF-A7E6-A184AA1AC5DF}.Release|VisualGDB.ActiveCfg = Release|VisualGDB
		{5CD92DCA-3032-42AF-A7E6-A184AA1AC5DF}.Release|VisualGDB.Build.0 = Release|VisualGDB
		{5CD92DCA-3032-42AF-A7E6-A184AA1AC5DF}.Release|x64.ActiveCfg = Release|VisualGDB
		{5CD92DCA-3032-42AF-A7E6-A184AA1AC5DF}.Release|x86.ActiveCfg = Release|VisualGDB
		{CE757F01-A018-4FA2-8462-5CBD6C704C2E}.Debug|Any CPU.ActiveCfg = Debug|VisualGDB
		{CE757F01-A018-4FA2-8462-5CBD6C704C2E}.Debug|ARM.ActiveCfg = Debug|VisualGDB
		{CE757F01-A018-4FA2-8462-5CBD6C704C2E}.Debug|ARM64.ActiveCfg = Debug|VisualGDB
		{CE757F01-A018-4FA2-8462-5CBD6C704C2E}.Debug|VisualGDB.ActiveCfg = Debug|VisualGDB
		{CE757F01-A018-4FA2-8462-5CBD6C704C2E}.Debug|VisualGDB.Build.0 = Debug|VisualGDB
		{CE757F01-A018-4FA2-8462-5CBD6C704C2E}.Debug|x64.ActiveCfg = Debug|VisualGDB
		{CE757F01-A018-4FA2-8462-5CBD6C704C2E}.Debug|x86.ActiveCfg = Debug|VisualGDB
		{CE757F01-A018-4FA2-8462-5CBD6C704C2E}.Release|Any CPU.ActiveCfg = Release|VisualGDB
		{CE757F01-A018-4FA2-8462-5CBD6C704C2E}.Release|ARM.ActiveCfg = Release|VisualGDB
		{CE757F01-A018-4FA2-8462-5CBD6C704C2E}.Release|ARM64.ActiveCfg = Release|VisualGDB
		{CE757F01-A018-4FA2-8462-5CBD6C704C2E}.Release|VisualGDB.ActiveCfg = Release|VisualGDB
		{CE757F01-A018-4FA2-8462-5CBD6C704C2E}.Release|VisualGDB.Build.0 = Release|VisualGDB
		{CE757F01-A018-4FA2-8462-5CBD6C704C2E}.Release|x64.ActiveCfg = Release|VisualGDB
		{CE757F01-A018-4FA2-8462-5CBD6C704C2E}.Release|x86.ActiveCfg = Release|VisualGDB
	EndGlobalSection
	GlobalSection(SolutionProperties) = preSolution
		HideSolutionNode = FALSE
	EndGlobalSection
	GlobalSection(ExtensibilityGlobals) = postSolution
		SolutionGuid = {18D96CD7-5AC5-416C-A8DC-A1ABEA93B794}
	EndGlobalSection
EndGlobal
