<?xml version="1.0" encoding="utf-8"?>
<Project ToolsVersion="4.0" xmlns="http://schemas.microsoft.com/developer/msbuild/2003">
  <ItemGroup>
    <Filter Include="VisualGDB settings">
      <UniqueIdentifier>{6eedee86-c8ae-41e3-952d-119e9ad615dc}</UniqueIdentifier>
    </Filter>
    <Filter Include="src">
      <UniqueIdentifier>{c69831d9-7d43-4584-b084-cc385f96d36f}</UniqueIdentifier>
    </Filter>
    <Filter Include="stm32">
      <UniqueIdentifier>{efc848a2-21f3-417b-9b22-5c39071328ee}</UniqueIdentifier>
    </Filter>
  </ItemGroup>
  <ItemGroup>
    <None Include="lib-stm32l496ze-Debug.vgdbsettings">
      <Filter>VisualGDB settings</Filter>
    </None>
    <None Include="lib-stm32l496ze-Release.vgdbsettings">
      <Filter>VisualGDB settings</Filter>
    </None>
    <None Include="stm32.xml">
      <Filter>VisualGDB settings</Filter>
    </None>
  </ItemGroup>
  <ItemGroup>
    <ClInclude Include="..\src\stm32l4xx.h">
      <Filter>src</Filter>
    </ClInclude>
    <ClInclude Include="..\src\system_stm32l4xx.h">
      <Filter>src</Filter>
    </ClInclude>
    <ClInclude Include="..\stm32\stm32l4xx_ll_adc.h">
      <Filter>stm32</Filter>
    </ClInclude>
    <ClInclude Include="..\stm32\stm32l4xx_ll_bus.h">
      <Filter>stm32</Filter>
    </ClInclude>
    <ClInclude Include="..\stm32\stm32l4xx_ll_dma.h">
      <Filter>stm32</Filter>
    </ClInclude>
    <ClInclude Include="..\stm32\stm32l4xx_ll_exti.h">
      <Filter>stm32</Filter>
    </ClInclude>
    <ClInclude Include="..\stm32\stm32l4xx_ll_gpio.h">
      <Filter>stm32</Filter>
    </ClInclude>
    <ClInclude Include="..\stm32\stm32l4xx_ll_lptim.h">
      <Filter>stm32</Filter>
    </ClInclude>
    <ClInclude Include="..\stm32\stm32l4xx_ll_lpuart.h">
      <Filter>stm32</Filter>
    </ClInclude>
    <ClInclude Include="..\stm32\stm32l4xx_ll_pwr.h">
      <Filter>stm32</Filter>
    </ClInclude>
    <ClInclude Include="..\stm32\stm32l4xx_ll_rcc.h">
      <Filter>stm32</Filter>
    </ClInclude>
    <ClInclude Include="..\stm32\stm32l4xx_ll_sdmmc.h">
      <Filter>stm32</Filter>
    </ClInclude>
    <ClInclude Include="..\stm32\stm32l4xx_ll_spi.h">
      <Filter>stm32</Filter>
    </ClInclude>
    <ClInclude Include="..\stm32\stm32l4xx_ll_system.h">
      <Filter>stm32</Filter>
    </ClInclude>
    <ClInclude Include="..\stm32\stm32l4xx_ll_tim.h">
      <Filter>stm32</Filter>
    </ClInclude>
    <ClInclude Include="..\stm32\stm32l4xx_ll_usart.h">
      <Filter>stm32</Filter>
    </ClInclude>
    <ClInclude Include="..\stm32\stm32l4xx_ll_utils.h">
      <Filter>stm32</Filter>
    </ClInclude>
    <ClInclude Include="..\stm32\stm32l496xx.h">
      <Filter>stm32</Filter>
    </ClInclude>
    <ClInclude Include="..\stm32\stm32l4xx_ll_cortex.h">
      <Filter>stm32</Filter>
    </ClInclude>
  </ItemGroup>
  <ItemGroup>
    <ClCompile Include="..\src\startup_stm32l496xx.s">
      <Filter>src</Filter>
    </ClCompile>
    <ClCompile Include="..\src\stm32l4xx_ll_utils.c">
      <Filter>src</Filter>
    </ClCompile>
    <ClCompile Include="..\src\system_stm32l4xx.c">
      <Filter>src</Filter>
    </ClCompile>
  </ItemGroup>
</Project>