<?xml version="1.0" encoding="utf-8"?>
<Project ToolsVersion="4.0" xmlns="http://schemas.microsoft.com/developer/msbuild/2003">
  <ItemGroup>
    <Filter Include="VisualGDB settings">
      <UniqueIdentifier>{d7da9357-3f47-4232-912e-83cc9f804f69}</UniqueIdentifier>
    </Filter>
    <Filter Include="src">
      <UniqueIdentifier>{157bd008-9da6-48d9-8991-053e04affb56}</UniqueIdentifier>
    </Filter>
    <Filter Include="inc">
      <UniqueIdentifier>{232f8cb6-48cf-434b-95de-c6f67e3941e3}</UniqueIdentifier>
    </Filter>
  </ItemGroup>
  <ItemGroup>
    <None Include="main-stm32l151ze-Debug.vgdbsettings">
      <Filter>VisualGDB settings</Filter>
    </None>
    <None Include="main-stm32l151ze-Release.vgdbsettings">
      <Filter>VisualGDB settings</Filter>
    </None>
    <None Include="stm32.xml">
      <Filter>VisualGDB settings</Filter>
    </None>
  </ItemGroup>
  <ItemGroup>
    <ClInclude Include="..\inc\adc.h">
      <Filter>inc</Filter>
    </ClInclude>
    <ClInclude Include="..\inc\gpio.h">
      <Filter>inc</Filter>
    </ClInclude>
    <ClInclude Include="..\inc\spi.h">
      <Filter>inc</Filter>
    </ClInclude>
    <ClInclude Include="..\inc\usart.h">
      <Filter>inc</Filter>
    </ClInclude>
    <ClInclude Include="..\inc\system_clocks.h">
      <Filter>inc</Filter>
    </ClInclude>
    <ClInclude Include="..\inc\i2c.h">
      <Filter>inc</Filter>
    </ClInclude>
    <ClInclude Include="..\inc\dma.h">
      <Filter>inc</Filter>
    </ClInclude>
    <ClInclude Include="..\inc\global_data.h">
      <Filter>inc</Filter>
    </ClInclude>
  </ItemGroup>
  <ItemGroup>
    <ClCompile Include="..\src\main.c">
      <Filter>src</Filter>
    </ClCompile>
    <ClCompile Include="..\src\gpio.c">
      <Filter>src</Filter>
    </ClCompile>
    <ClCompile Include="..\src\system_clocks.c">
      <Filter>src</Filter>
    </ClCompile>
    <ClCompile Include="..\src\adc.c">
      <Filter>src</Filter>
    </ClCompile>
    <ClCompile Include="..\src\dma.c">
      <Filter>src</Filter>
    </ClCompile>
    <ClCompile Include="..\src\i2c.c">
      <Filter>src</Filter>
    </ClCompile>
    <ClCompile Include="..\src\spi.c">
      <Filter>src</Filter>
    </ClCompile>
    <ClCompile Include="..\src\usart.c">
      <Filter>src</Filter>
    </ClCompile>
    <ClCompile Include="..\src\global_data.c">
      <Filter>src</Filter>
    </ClCompile>
  </ItemGroup>
</Project>