<?xml version="1.0" encoding="utf-8"?>
<Project ToolsVersion="4.0" xmlns="http://schemas.microsoft.com/developer/msbuild/2003">
  <ItemGroup>
    <Filter Include="VisualGDB settings">
      <UniqueIdentifier>{b9532ba1-27ba-4b9a-8f34-ba0b6263a64f}</UniqueIdentifier>
    </Filter>
  </ItemGroup>
  <ItemGroup>
    <None Include="main-position-controller-stm32l496zg-Debug.vgdbsettings">
      <Filter>VisualGDB settings</Filter>
    </None>
    <None Include="main-position-controller-stm32l496zg-Release.vgdbsettings">
      <Filter>VisualGDB settings</Filter>
    </None>
    <None Include="stm32.xml">
      <Filter>VisualGDB settings</Filter>
    </None>
  </ItemGroup>
  <ItemGroup>
    <ClCompile Include="..\src\main.c" />
    <ClCompile Include="..\src\gpio.c" />
    <ClCompile Include="..\src\global_data.c" />
    <ClCompile Include="..\src\system_clock.c" />
    <ClCompile Include="..\src\led.c" />
    <ClCompile Include="..\src\button.c" />
    <ClCompile Include="..\src\client_communication_uart.c" />
    <ClCompile Include="..\src\position_controller.c" />
    <ClCompile Include="..\src\client_communication_uart_stm32l496zg.c" />
  </ItemGroup>
  <ItemGroup>
    <ClInclude Include="..\src\gpio.h" />
    <ClInclude Include="..\src\global_data.h" />
    <ClInclude Include="..\src\system_clock.h" />
    <ClInclude Include="..\src\led.h" />
    <ClInclude Include="..\src\button.h" />
    <ClInclude Include="..\src\interrupt_priorities.h" />
    <ClInclude Include="..\src\client_communication_uart.h" />
    <ClInclude Include="..\src\position_controller.h" />
    <ClInclude Include="..\src\client_communication_uart_impl.h" />
  </ItemGroup>
</Project>