<?xml version="1.0" encoding="utf-8"?>
<Project ToolsVersion="4.0" xmlns="http://schemas.microsoft.com/developer/msbuild/2003">
  <ItemGroup>
    <Filter Include="VisualGDB settings">
      <UniqueIdentifier>{9ac09fa9-ec23-40b2-a6a2-45497337a227}</UniqueIdentifier>
    </Filter>
  </ItemGroup>
  <ItemGroup>
    <None Include="main-position-controller-stm32l476rg-Debug.vgdbsettings">
      <Filter>VisualGDB settings</Filter>
    </None>
    <None Include="main-position-controller-stm32l476rg-Release.vgdbsettings">
      <Filter>VisualGDB settings</Filter>
    </None>
    <None Include="stm32.xml">
      <Filter>VisualGDB settings</Filter>
    </None>
  </ItemGroup>
  <ItemGroup>
    <ClInclude Include="..\src-position-controller\arm.h" />
    <ClInclude Include="..\src-position-controller\button.h" />
    <ClInclude Include="..\src-position-controller\client_communication_uart.h" />
    <ClInclude Include="..\src-position-controller\global_data.h" />
    <ClInclude Include="..\src-position-controller\gpio.h" />
    <ClInclude Include="..\src-position-controller\interrupt_priorities.h" />
    <ClInclude Include="..\src-position-controller\led.h" />
    <ClInclude Include="..\src-position-controller\position_controller.h" />
    <ClInclude Include="..\src-position-controller\system_clock.h" />
    <ClInclude Include="..\src-position-controller\client_communication_uart_impl.h" />
  </ItemGroup>
  <ItemGroup>
    <ClCompile Include="..\src-position-controller\button.c" />
    <ClCompile Include="..\src-position-controller\client_communication_uart.c" />
    <ClCompile Include="..\src-position-controller\global_data.c" />
    <ClCompile Include="..\src-position-controller\gpio.c" />
    <ClCompile Include="..\src-position-controller\led.c" />
    <ClCompile Include="..\src-position-controller\main.c" />
    <ClCompile Include="..\src-position-controller\position_controller.c" />
    <ClCompile Include="..\src-position-controller\system_clock.c" />
    <ClCompile Include="..\src-position-controller\client_communication_uart_stm32l476rg.c" />
  </ItemGroup>
</Project>