<?xml version="1.0" encoding="utf-8"?>
<Project ToolsVersion="4.0" xmlns="http://schemas.microsoft.com/developer/msbuild/2003">
  <ItemGroup>
    <ClCompile Include="..\src\det_os_implementation.c">
      <Filter>src</Filter>
    </ClCompile>
    <ClCompile Include="..\src\global_data.c">
      <Filter>src</Filter>
    </ClCompile>
    <ClCompile Include="..\src\schedule_tasks.c">
      <Filter>src</Filter>
    </ClCompile>
    <ClCompile Include="..\src-asm\tim2_irq_handler.S">
      <Filter>src-asm</Filter>
    </ClCompile>
    <ClCompile Include="..\src-asm\det_os_idle.S">
      <Filter>src-asm</Filter>
    </ClCompile>
    <ClCompile Include="..\src-asm\execute_tasks.S">
      <Filter>src-asm</Filter>
    </ClCompile>
    <ClCompile Include="..\src-asm\resume_task.S">
      <Filter>src-asm</Filter>
    </ClCompile>
    <ClCompile Include="..\src-asm\schedule_task_svc.S">
      <Filter>src-asm</Filter>
    </ClCompile>
    <ClCompile Include="..\src-asm\stark_new_task.S">
      <Filter>src-asm</Filter>
    </ClCompile>
    <ClCompile Include="..\src-asm\svc_handler.S">
      <Filter>src-asm</Filter>
    </ClCompile>
  </ItemGroup>
  <ItemGroup>
    <ClInclude Include="..\inc\det_os.h">
      <Filter>inc</Filter>
    </ClInclude>
    <ClInclude Include="..\inc\det_os_implementation.h">
      <Filter>inc</Filter>
    </ClInclude>
    <ClInclude Include="..\src\types.h">
      <Filter>src</Filter>
    </ClInclude>
    <ClInclude Include="..\src\global_data.h">
      <Filter>src</Filter>
    </ClInclude>
    <ClInclude Include="..\src\schedule_tasks.h">
      <Filter>src</Filter>
    </ClInclude>
    <ClInclude Include="..\src\schedule_tasks_defs.h">
      <Filter>src</Filter>
    </ClInclude>
    <ClInclude Include="..\src\svc_defs.h">
      <Filter>src</Filter>
    </ClInclude>
    <ClInclude Include="..\inc\result_codes.h">
      <Filter>inc</Filter>
    </ClInclude>
  </ItemGroup>
  <ItemGroup>
    <None Include="lib-det-os-stm32l496ze-Debug.vgdbsettings">
      <Filter>VisualGDB settings</Filter>
    </None>
    <None Include="lib-det-os-stm32l496ze-Release.vgdbsettings">
      <Filter>VisualGDB settings</Filter>
    </None>
    <None Include="stm32.xml">
      <Filter>VisualGDB settings</Filter>
    </None>
  </ItemGroup>
  <ItemGroup>
    <Filter Include="inc">
      <UniqueIdentifier>{f35f66cd-ce85-475a-821a-859bc3dc3a77}</UniqueIdentifier>
    </Filter>
    <Filter Include="src">
      <UniqueIdentifier>{de271c72-ac2d-4d21-91bf-bab67a24f89e}</UniqueIdentifier>
    </Filter>
    <Filter Include="VisualGDB settings">
      <UniqueIdentifier>{e2fa0991-f289-4ed7-9660-2bb53604f4ef}</UniqueIdentifier>
    </Filter>
    <Filter Include="src-asm">
      <UniqueIdentifier>{f94274ee-0690-4eab-8f2f-440e3fd9b0df}</UniqueIdentifier>
    </Filter>
  </ItemGroup>
</Project>